PODS:
  - AFNetworking (2.5.1):
    - AFNetworking/NSURLConnection (= 2.5.1)
    - AFNetworking/NSURLSession (= 2.5.1)
    - AFNetworking/Reachability (= 2.5.1)
    - AFNetworking/Security (= 2.5.1)
    - AFNetworking/Serialization (= 2.5.1)
    - AFNetworking/UIKit (= 2.5.1)
  - AFNetworking/NSURLConnection (2.5.1):
    - AFNetworking/Reachability
    - AFNetworking/Security
    - AFNetworking/Serialization
  - AFNetworking/NSURLSession (2.5.1):
    - AFNetworking/Reachability
    - AFNetworking/Security
    - AFNetworking/Serialization
  - AFNetworking/Reachability (2.5.1)
  - AFNetworking/Security (2.5.1)
  - AFNetworking/Serialization (2.5.1)
  - AFNetworking/UIKit (2.5.1):
    - AFNetworking/NSURLConnection
    - AFNetworking/NSURLSession
  - libwebp (0.4.2):
    - libwebp/core (= 0.4.2)
    - libwebp/dec (= 0.4.2)
    - libwebp/demux (= 0.4.2)
    - libwebp/dsp (= 0.4.2)
    - libwebp/enc (= 0.4.2)
    - libwebp/mux (= 0.4.2)
    - libwebp/utils (= 0.4.2)
    - libwebp/webp (= 0.4.2)
  - libwebp/core (0.4.2):
    - libwebp/webp
  - libwebp/dec (0.4.2):
    - libwebp/core
  - libwebp/demux (0.4.2):
    - libwebp/core
  - libwebp/dsp (0.4.2):
    - libwebp/core
  - libwebp/enc (0.4.2):
    - libwebp/core
  - libwebp/mux (0.4.2):
    - libwebp/core
  - libwebp/utils (0.4.2):
    - libwebp/core
  - libwebp/webp (0.4.2)
  - M13ProgressSuite (1.2.7)
  - SDWebImage (3.7.1):
    - SDWebImage/Core (= 3.7.1)
  - SDWebImage-ProgressView (0.4.0):
    - SDWebImage (~> 3.7.0)
  - SDWebImage/Core (3.7.1)
  - SDWebImage/WebP (3.7.1):
    - libwebp
    - SDWebImage/Core
  - UIImageView+SDWebImage_M13ProgressSuite (0.1.1):
    - M13ProgressSuite
    - SDWebImage/WebP

DEPENDENCIES:
  - AFNetworking (~> 2.5.1)
  - M13ProgressSuite (~> 1.2.7)
  - SDWebImage (~> 3.7.1)
  - SDWebImage-ProgressView (~> 0.4.0)
  - UIImageView+SDWebImage_M13ProgressSuite (~> 0.1.1)

SPEC CHECKSUMS:
  AFNetworking: 8bee59492a6ff15d69130efa4d0dc67e0094a52a
  libwebp: c471fec5a68b9ab8e0c1cbde275fa20eddaa02fa
  M13ProgressSuite: 931cde7e91d474c04edb4b34517d75ca6d88ccf2
  SDWebImage: 116e88633b5b416ea0ca4b334a4ac59cf72dd38d
  SDWebImage-ProgressView: 5b094a93013b3f6ae9d622b58055c942c964b678
  UIImageView+SDWebImage_M13ProgressSuite: 7d4628f8484d3e4354d78b712b0300a6b4f81d91

COCOAPODS: 0.35.0
