// !$*UTF8*$!
{
	archiveVersion = 1;
	classes = {
	};
	objectVersion = 46;
	objects = {

/* Begin PBXBuildFile section */
		7BE2FF291AAD51DA00EBA34B /* URL.m in Sources */ = {isa = PBXBuildFile; fileRef = 7BE2FF281AAD51DA00EBA34B /* URL.m */; };
		7BE2FF681AAD903000EBA34B /* WebServer.m in Sources */ = {isa = PBXBuildFile; fileRef = 7BE2FF671AAD903000EBA34B /* WebServer.m */; };
		7BE2FF831AADA2F400EBA34B /* DanPinViewController.m in Sources */ = {isa = PBXBuildFile; fileRef = 7BE2FF771AADA2F400EBA34B /* DanPinViewController.m */; };
		7BE2FF841AADA2F400EBA34B /* DaPeiCollectionViewCell.m in Sources */ = {isa = PBXBuildFile; fileRef = 7BE2FF7A1AADA2F400EBA34B /* DaPeiCollectionViewCell.m */; };
		7BE2FF851AADA2F400EBA34B /* DaPeiCollectionViewCell.xib in Resources */ = {isa = PBXBuildFile; fileRef = 7BE2FF7B1AADA2F400EBA34B /* DaPeiCollectionViewCell.xib */; };
		7BE2FF861AADA2F400EBA34B /* DaPeiModel.m in Sources */ = {isa = PBXBuildFile; fileRef = 7BE2FF7D1AADA2F400EBA34B /* DaPeiModel.m */; };
		7BE2FF871AADA2F400EBA34B /* DaPeiViewController.m in Sources */ = {isa = PBXBuildFile; fileRef = 7BE2FF7F1AADA2F400EBA34B /* DaPeiViewController.m */; };
		7BE2FF881AADA2F400EBA34B /* FaXianViewController.m in Sources */ = {isa = PBXBuildFile; fileRef = 7BE2FF821AADA2F400EBA34B /* FaXianViewController.m */; };
		7BE2FF941AADA30900EBA34B /* WaterfallCollectionViewCell.m in Sources */ = {isa = PBXBuildFile; fileRef = 7BE2FF8B1AADA30900EBA34B /* WaterfallCollectionViewCell.m */; };
		7BE2FF951AADA30900EBA34B /* WaterfallCollectionViewCell.xib in Resources */ = {isa = PBXBuildFile; fileRef = 7BE2FF8C1AADA30900EBA34B /* WaterfallCollectionViewCell.xib */; };
		7BE2FF961AADA30900EBA34B /* WaterfallCollectionViewLayout.m in Sources */ = {isa = PBXBuildFile; fileRef = 7BE2FF8E1AADA30900EBA34B /* WaterfallCollectionViewLayout.m */; };
		7BE2FF971AADA30900EBA34B /* WaterfallViewController.m in Sources */ = {isa = PBXBuildFile; fileRef = 7BE2FF901AADA30900EBA34B /* WaterfallViewController.m */; };
		7BE2FF981AADA30900EBA34B /* WoDeViewController.m in Sources */ = {isa = PBXBuildFile; fileRef = 7BE2FF931AADA30900EBA34B /* WoDeViewController.m */; };
		7BE2FF9A1AADB98A00EBA34B /* goodsIcon.png in Resources */ = {isa = PBXBuildFile; fileRef = 7BE2FF991AADB98A00EBA34B /* goodsIcon.png */; };
		7BE2FFA01AADBC6900EBA34B /* DaPeiCategory.m in Sources */ = {isa = PBXBuildFile; fileRef = 7BE2FF9F1AADBC6900EBA34B /* DaPeiCategory.m */; };
		7BE2FFA31AADCC4800EBA34B /* DaPeiCollectionViewCell+Configure.m in Sources */ = {isa = PBXBuildFile; fileRef = 7BE2FFA21AADCC4800EBA34B /* DaPeiCollectionViewCell+Configure.m */; };
		7BE2FFA61AADD07D00EBA34B /* DaPeiCollectionViewController.m in Sources */ = {isa = PBXBuildFile; fileRef = 7BE2FFA51AADD07D00EBA34B /* DaPeiCollectionViewController.m */; };
		7BE2FFAC1AADF58200EBA34B /* DaPeiInfoModel.m in Sources */ = {isa = PBXBuildFile; fileRef = 7BE2FFAB1AADF58200EBA34B /* DaPeiInfoModel.m */; };
		7BE2FFB71AADF87F00EBA34B /* DaPeiInfoViewController.m in Sources */ = {isa = PBXBuildFile; fileRef = 7BE2FFB61AADF87F00EBA34B /* DaPeiInfoViewController.m */; };
		7BE2FFBB1AADF8E500EBA34B /* DaPeiInfoTableViewCell.m in Sources */ = {isa = PBXBuildFile; fileRef = 7BE2FFB91AADF8E500EBA34B /* DaPeiInfoTableViewCell.m */; };
		7BE2FFBC1AADF8E500EBA34B /* DaPeiInfoTableViewCell.xib in Resources */ = {isa = PBXBuildFile; fileRef = 7BE2FFBA1AADF8E500EBA34B /* DaPeiInfoTableViewCell.xib */; };
		7BE2FFC51AAE00C200EBA34B /* DaPeiInfoTableFooterViewCell.m in Sources */ = {isa = PBXBuildFile; fileRef = 7BE2FFC31AAE00C200EBA34B /* DaPeiInfoTableFooterViewCell.m */; };
		7BE2FFC61AAE00C200EBA34B /* DaPeiInfoTableFooterViewCell.xib in Resources */ = {isa = PBXBuildFile; fileRef = 7BE2FFC41AAE00C200EBA34B /* DaPeiInfoTableFooterViewCell.xib */; };
		7BE2FFCD1AAE84FA00EBA34B /* DaPeiInfoTableHeaderViewCell.m in Sources */ = {isa = PBXBuildFile; fileRef = 7BE2FFCB1AAE84FA00EBA34B /* DaPeiInfoTableHeaderViewCell.m */; };
		7BE2FFCE1AAE84FA00EBA34B /* DaPeiInfoTableHeaderViewCell.xib in Resources */ = {isa = PBXBuildFile; fileRef = 7BE2FFCC1AAE84FA00EBA34B /* DaPeiInfoTableHeaderViewCell.xib */; };
		7BE2FFD11AAE954600EBA34B /* DanPinCollectionViewController.m in Sources */ = {isa = PBXBuildFile; fileRef = 7BE2FFD01AAE954600EBA34B /* DanPinCollectionViewController.m */; };
		7BE2FFD41AAE9A1700EBA34B /* DanPinCategory.m in Sources */ = {isa = PBXBuildFile; fileRef = 7BE2FFD31AAE9A1700EBA34B /* DanPinCategory.m */; };
		7BE2FFD81AAEA08100EBA34B /* DanPinCollectionViewCell.m in Sources */ = {isa = PBXBuildFile; fileRef = 7BE2FFD61AAEA08100EBA34B /* DanPinCollectionViewCell.m */; };
		7BE2FFD91AAEA08100EBA34B /* DanPinCollectionViewCell.xib in Resources */ = {isa = PBXBuildFile; fileRef = 7BE2FFD71AAEA08100EBA34B /* DanPinCollectionViewCell.xib */; };
		7BE2FFDC1AAEB5A200EBA34B /* DanPinModel.m in Sources */ = {isa = PBXBuildFile; fileRef = 7BE2FFDB1AAEB5A200EBA34B /* DanPinModel.m */; };
		7BE2FFE21AAEB80F00EBA34B /* DanPinCollectionViewCell+Configure.m in Sources */ = {isa = PBXBuildFile; fileRef = 7BE2FFE11AAEB80F00EBA34B /* DanPinCollectionViewCell+Configure.m */; };
		7BE2FFE51AAECF7000EBA34B /* JKJViewController.m in Sources */ = {isa = PBXBuildFile; fileRef = 7BE2FFE41AAECF7000EBA34B /* JKJViewController.m */; };
		7BE2FFE81AAECF8D00EBA34B /* BanJiaViewController.m in Sources */ = {isa = PBXBuildFile; fileRef = 7BE2FFE71AAECF8D00EBA34B /* BanJiaViewController.m */; };
		7BE2FFEB1AAED4FA00EBA34B /* JKJModel.m in Sources */ = {isa = PBXBuildFile; fileRef = 7BE2FFEA1AAED4FA00EBA34B /* JKJModel.m */; };
		7BE2FFEE1AAED50B00EBA34B /* BanJiaModel.m in Sources */ = {isa = PBXBuildFile; fileRef = 7BE2FFED1AAED50B00EBA34B /* BanJiaModel.m */; };
		7BE2FFF21AAEDC8D00EBA34B /* JKJCollectionViewCell.m in Sources */ = {isa = PBXBuildFile; fileRef = 7BE2FFF01AAEDC8D00EBA34B /* JKJCollectionViewCell.m */; };
		7BE2FFF31AAEDC8D00EBA34B /* JKJCollectionViewCell.xib in Resources */ = {isa = PBXBuildFile; fileRef = 7BE2FFF11AAEDC8D00EBA34B /* JKJCollectionViewCell.xib */; };
		7BE2FFF71AAEDCA800EBA34B /* BanJiaTableViewCell.m in Sources */ = {isa = PBXBuildFile; fileRef = 7BE2FFF51AAEDCA800EBA34B /* BanJiaTableViewCell.m */; };
		7BE2FFF81AAEDCA800EBA34B /* BanJiaTableViewCell.xib in Resources */ = {isa = PBXBuildFile; fileRef = 7BE2FFF61AAEDCA800EBA34B /* BanJiaTableViewCell.xib */; };
		7BE2FFFB1AAEE3D900EBA34B /* SBTitleView.m in Sources */ = {isa = PBXBuildFile; fileRef = 7BE2FFFA1AAEE3D900EBA34B /* SBTitleView.m */; };
		7BE98CBB1AAB023D00D59E1C /* main.m in Sources */ = {isa = PBXBuildFile; fileRef = 7BE98CBA1AAB023D00D59E1C /* main.m */; };
		7BE98CBE1AAB023D00D59E1C /* AppDelegate.m in Sources */ = {isa = PBXBuildFile; fileRef = 7BE98CBD1AAB023D00D59E1C /* AppDelegate.m */; };
		7BE98CC01AAB023D00D59E1C /* Images.xcassets in Resources */ = {isa = PBXBuildFile; fileRef = 7BE98CBF1AAB023D00D59E1C /* Images.xcassets */; };
		7BE98CC31AAB023D00D59E1C /* LaunchScreen.xib in Resources */ = {isa = PBXBuildFile; fileRef = 7BE98CC11AAB023D00D59E1C /* LaunchScreen.xib */; };
		7BE98CCF1AAB023D00D59E1C /* EShoppingTests.m in Sources */ = {isa = PBXBuildFile; fileRef = 7BE98CCE1AAB023D00D59E1C /* EShoppingTests.m */; };
		7BE98D141AAB042D00D59E1C /* 114.png in Resources */ = {isa = PBXBuildFile; fileRef = 7BE98CDC1AAB042D00D59E1C /* 114.png */; };
		7BE98D151AAB042D00D59E1C /* AppIcon29x29.png in Resources */ = {isa = PBXBuildFile; fileRef = 7BE98CDD1AAB042D00D59E1C /* AppIcon29x29.png */; };
		7BE98D161AAB042D00D59E1C /* AppIcon29x29@2x.png in Resources */ = {isa = PBXBuildFile; fileRef = 7BE98CDE1AAB042D00D59E1C /* AppIcon29x29@2x.png */; };
		7BE98D171AAB042D00D59E1C /* AppIcon40x40@2x.png in Resources */ = {isa = PBXBuildFile; fileRef = 7BE98CDF1AAB042D00D59E1C /* AppIcon40x40@2x.png */; };
		7BE98D181AAB042D00D59E1C /* AppIcon57x57.png in Resources */ = {isa = PBXBuildFile; fileRef = 7BE98CE01AAB042D00D59E1C /* AppIcon57x57.png */; };
		7BE98D191AAB042D00D59E1C /* AppIcon57x57@2x.png in Resources */ = {isa = PBXBuildFile; fileRef = 7BE98CE11AAB042D00D59E1C /* AppIcon57x57@2x.png */; };
		7BE98D1A1AAB042D00D59E1C /* AppIcon60x60@2x.png in Resources */ = {isa = PBXBuildFile; fileRef = 7BE98CE21AAB042D00D59E1C /* AppIcon60x60@2x.png */; };
		7BE98D1B1AAB042D00D59E1C /* back_button@2x.png in Resources */ = {isa = PBXBuildFile; fileRef = 7BE98CE31AAB042D00D59E1C /* back_button@2x.png */; };
		7BE98D1C1AAB042D00D59E1C /* bgd_bangjia.png in Resources */ = {isa = PBXBuildFile; fileRef = 7BE98CE41AAB042D00D59E1C /* bgd_bangjia.png */; };
		7BE98D1D1AAB042D00D59E1C /* bgd_color.png in Resources */ = {isa = PBXBuildFile; fileRef = 7BE98CE51AAB042D00D59E1C /* bgd_color.png */; };
		7BE98D1E1AAB042D00D59E1C /* blueArrow.png in Resources */ = {isa = PBXBuildFile; fileRef = 7BE98CE61AAB042D00D59E1C /* blueArrow.png */; };
		7BE98D1F1AAB042D00D59E1C /* blueArrow@2x.png in Resources */ = {isa = PBXBuildFile; fileRef = 7BE98CE71AAB042D00D59E1C /* blueArrow@2x.png */; };
		7BE98D201AAB042D00D59E1C /* bottom_share_button_hover.png in Resources */ = {isa = PBXBuildFile; fileRef = 7BE98CE81AAB042D00D59E1C /* bottom_share_button_hover.png */; };
		7BE98D211AAB042D00D59E1C /* bottom_share_button_hover@2x.png in Resources */ = {isa = PBXBuildFile; fileRef = 7BE98CE91AAB042D00D59E1C /* bottom_share_button_hover@2x.png */; };
		7BE98D221AAB042D00D59E1C /* cell_bgd@2x.png in Resources */ = {isa = PBXBuildFile; fileRef = 7BE98CEA1AAB042D00D59E1C /* cell_bgd@2x.png */; };
		7BE98D231AAB042D00D59E1C /* click_login_btn.png in Resources */ = {isa = PBXBuildFile; fileRef = 7BE98CEB1AAB042D00D59E1C /* click_login_btn.png */; };
		7BE98D241AAB042D00D59E1C /* click_login_btn@2x.png in Resources */ = {isa = PBXBuildFile; fileRef = 7BE98CEC1AAB042D00D59E1C /* click_login_btn@2x.png */; };
		7BE98D251AAB042D00D59E1C /* commentSend@2x.png in Resources */ = {isa = PBXBuildFile; fileRef = 7BE98CED1AAB042D00D59E1C /* commentSend@2x.png */; };
		7BE98D261AAB042D00D59E1C /* goodsDislike.png in Resources */ = {isa = PBXBuildFile; fileRef = 7BE98CEE1AAB042D00D59E1C /* goodsDislike.png */; };
		7BE98D281AAB042D00D59E1C /* goodsLike.png in Resources */ = {isa = PBXBuildFile; fileRef = 7BE98CF01AAB042D00D59E1C /* goodsLike.png */; };
		7BE98D291AAB042D00D59E1C /* halfPriceDetail@2x.png in Resources */ = {isa = PBXBuildFile; fileRef = 7BE98CF11AAB042D00D59E1C /* halfPriceDetail@2x.png */; };
		7BE98D2A1AAB042D00D59E1C /* Header_bgd@2x.png in Resources */ = {isa = PBXBuildFile; fileRef = 7BE98CF21AAB042D00D59E1C /* Header_bgd@2x.png */; };
		7BE98D2B1AAB042D00D59E1C /* LaunchImage-568h@2x.png in Resources */ = {isa = PBXBuildFile; fileRef = 7BE98CF31AAB042D00D59E1C /* LaunchImage-568h@2x.png */; };
		7BE98D2C1AAB042D00D59E1C /* LaunchImage-700-568h@2x.png in Resources */ = {isa = PBXBuildFile; fileRef = 7BE98CF41AAB042D00D59E1C /* LaunchImage-700-568h@2x.png */; };
		7BE98D2D1AAB042D00D59E1C /* LaunchImage-700@2x.png in Resources */ = {isa = PBXBuildFile; fileRef = 7BE98CF51AAB042D00D59E1C /* LaunchImage-700@2x.png */; };
		7BE98D2E1AAB042D00D59E1C /* LaunchImage.png in Resources */ = {isa = PBXBuildFile; fileRef = 7BE98CF61AAB042D00D59E1C /* LaunchImage.png */; };
		7BE98D2F1AAB042D00D59E1C /* LaunchImage@2x.png in Resources */ = {isa = PBXBuildFile; fileRef = 7BE98CF71AAB042D00D59E1C /* LaunchImage@2x.png */; };
		7BE98D301AAB042D00D59E1C /* left.png in Resources */ = {isa = PBXBuildFile; fileRef = 7BE98CF81AAB042D00D59E1C /* left.png */; };
		7BE98D311AAB042D00D59E1C /* left@2x.png in Resources */ = {isa = PBXBuildFile; fileRef = 7BE98CF91AAB042D00D59E1C /* left@2x.png */; };
		7BE98D321AAB042D00D59E1C /* loading@2x.png in Resources */ = {isa = PBXBuildFile; fileRef = 7BE98CFA1AAB042D00D59E1C /* loading@2x.png */; };
		7BE98D331AAB042D00D59E1C /* loading_line.png in Resources */ = {isa = PBXBuildFile; fileRef = 7BE98CFB1AAB042D00D59E1C /* loading_line.png */; };
		7BE98D341AAB042D00D59E1C /* loadingIcon@2x.png in Resources */ = {isa = PBXBuildFile; fileRef = 7BE98CFC1AAB042D00D59E1C /* loadingIcon@2x.png */; };
		7BE98D351AAB042D00D59E1C /* myProfile_5@2x.png in Resources */ = {isa = PBXBuildFile; fileRef = 7BE98CFD1AAB042D00D59E1C /* myProfile_5@2x.png */; };
		7BE98D361AAB042D00D59E1C /* myProfile_6@2x.png in Resources */ = {isa = PBXBuildFile; fileRef = 7BE98CFE1AAB042D00D59E1C /* myProfile_6@2x.png */; };
		7BE98D371AAB042D00D59E1C /* myProfile_7@2x.png in Resources */ = {isa = PBXBuildFile; fileRef = 7BE98CFF1AAB042D00D59E1C /* myProfile_7@2x.png */; };
		7BE98D381AAB042D00D59E1C /* newBack@2x.png in Resources */ = {isa = PBXBuildFile; fileRef = 7BE98D001AAB042D00D59E1C /* newBack@2x.png */; };
		7BE98D391AAB042D00D59E1C /* right.png in Resources */ = {isa = PBXBuildFile; fileRef = 7BE98D011AAB042D00D59E1C /* right.png */; };
		7BE98D3A1AAB042D00D59E1C /* right@2x.png in Resources */ = {isa = PBXBuildFile; fileRef = 7BE98D021AAB042D00D59E1C /* right@2x.png */; };
		7BE98D3B1AAB042D00D59E1C /* se_cell_bgd@2x.png in Resources */ = {isa = PBXBuildFile; fileRef = 7BE98D031AAB042D00D59E1C /* se_cell_bgd@2x.png */; };
		7BE98D3C1AAB042D00D59E1C /* shippingFree.png in Resources */ = {isa = PBXBuildFile; fileRef = 7BE98D041AAB042D00D59E1C /* shippingFree.png */; };
		7BE98D3D1AAB042D00D59E1C /* smabg.png in Resources */ = {isa = PBXBuildFile; fileRef = 7BE98D051AAB042D00D59E1C /* smabg.png */; };
		7BE98D3E1AAB042D00D59E1C /* smabg@2x.png in Resources */ = {isa = PBXBuildFile; fileRef = 7BE98D061AAB042D00D59E1C /* smabg@2x.png */; };
		7BE98D3F1AAB042D00D59E1C /* tabBar_bgd@2x.png in Resources */ = {isa = PBXBuildFile; fileRef = 7BE98D071AAB042D00D59E1C /* tabBar_bgd@2x.png */; };
		7BE98D401AAB042D00D59E1C /* tabItem0@2x.png in Resources */ = {isa = PBXBuildFile; fileRef = 7BE98D081AAB042D00D59E1C /* tabItem0@2x.png */; };
		7BE98D411AAB042D00D59E1C /* tabItem1@2x.png in Resources */ = {isa = PBXBuildFile; fileRef = 7BE98D091AAB042D00D59E1C /* tabItem1@2x.png */; };
		7BE98D421AAB042D00D59E1C /* tabItem2@2x.png in Resources */ = {isa = PBXBuildFile; fileRef = 7BE98D0A1AAB042D00D59E1C /* tabItem2@2x.png */; };
		7BE98D431AAB042D00D59E1C /* tabItem3@2x.png in Resources */ = {isa = PBXBuildFile; fileRef = 7BE98D0B1AAB042D00D59E1C /* tabItem3@2x.png */; };
		7BE98D441AAB042D00D59E1C /* tabItem_0@2x.png in Resources */ = {isa = PBXBuildFile; fileRef = 7BE98D0C1AAB042D00D59E1C /* tabItem_0@2x.png */; };
		7BE98D451AAB042D00D59E1C /* tabItem_1@2x.png in Resources */ = {isa = PBXBuildFile; fileRef = 7BE98D0D1AAB042D00D59E1C /* tabItem_1@2x.png */; };
		7BE98D461AAB042D00D59E1C /* tabItem_2@2x.png in Resources */ = {isa = PBXBuildFile; fileRef = 7BE98D0E1AAB042D00D59E1C /* tabItem_2@2x.png */; };
		7BE98D471AAB042D00D59E1C /* tabItem_3@2x.png in Resources */ = {isa = PBXBuildFile; fileRef = 7BE98D0F1AAB042D00D59E1C /* tabItem_3@2x.png */; };
		7BE98D481AAB042D00D59E1C /* talentList@2x.png in Resources */ = {isa = PBXBuildFile; fileRef = 7BE98D101AAB042D00D59E1C /* talentList@2x.png */; };
		7BE98D491AAB042D00D59E1C /* threeBars@2x.png in Resources */ = {isa = PBXBuildFile; fileRef = 7BE98D111AAB042D00D59E1C /* threeBars@2x.png */; };
		7BE98D4A1AAB042D00D59E1C /* toolBar@2x.png in Resources */ = {isa = PBXBuildFile; fileRef = 7BE98D121AAB042D00D59E1C /* toolBar@2x.png */; };
		7BE98D4B1AAB042D00D59E1C /* webView_4@2x.png in Resources */ = {isa = PBXBuildFile; fileRef = 7BE98D131AAB042D00D59E1C /* webView_4@2x.png */; };
		7BE98D7E1AAB331D00D59E1C /* RootViewController.m in Sources */ = {isa = PBXBuildFile; fileRef = 7BE98D791AAB331D00D59E1C /* RootViewController.m */; };
		7BE98D7F1AAB331D00D59E1C /* SBTabBar.m in Sources */ = {isa = PBXBuildFile; fileRef = 7BE98D7B1AAB331D00D59E1C /* SBTabBar.m */; };
		7BE98D801AAB331D00D59E1C /* SBNavTabBarController.m in Sources */ = {isa = PBXBuildFile; fileRef = 7BE98D7D1AAB331D00D59E1C /* SBNavTabBarController.m */; };
		C5AB1860625AAA85C7F245A6 /* libPods.a in Frameworks */ = {isa = PBXBuildFile; fileRef = A280DBC7D5C843749F335219 /* libPods.a */; };
/* End PBXBuildFile section */

/* Begin PBXContainerItemProxy section */
		7BE98CC91AAB023D00D59E1C /* PBXContainerItemProxy */ = {
			isa = PBXContainerItemProxy;
			containerPortal = 7BE98CAD1AAB023D00D59E1C /* Project object */;
			proxyType = 1;
			remoteGlobalIDString = 7BE98CB41AAB023D00D59E1C;
			remoteInfo = EShopping;
		};
/* End PBXContainerItemProxy section */

/* Begin PBXFileReference section */
		01C0245905ABF48A1501583C /* Pods.debug.xcconfig */ = {isa = PBXFileReference; includeInIndex = 1; lastKnownFileType = text.xcconfig; name = Pods.debug.xcconfig; path = "Pods/Target Support Files/Pods/Pods.debug.xcconfig"; sourceTree = "<group>"; };
		0BACBDBAE89438040A66F494 /* Pods.release.xcconfig */ = {isa = PBXFileReference; includeInIndex = 1; lastKnownFileType = text.xcconfig; name = Pods.release.xcconfig; path = "Pods/Target Support Files/Pods/Pods.release.xcconfig"; sourceTree = "<group>"; };
		7BE2FF271AAD51DA00EBA34B /* URL.h */ = {isa = PBXFileReference; fileEncoding = 4; lastKnownFileType = sourcecode.c.h; name = URL.h; path = Util/URL.h; sourceTree = "<group>"; };
		7BE2FF281AAD51DA00EBA34B /* URL.m */ = {isa = PBXFileReference; fileEncoding = 4; lastKnownFileType = sourcecode.c.objc; name = URL.m; path = Util/URL.m; sourceTree = "<group>"; };
		7BE2FF661AAD903000EBA34B /* WebServer.h */ = {isa = PBXFileReference; fileEncoding = 4; lastKnownFileType = sourcecode.c.h; name = WebServer.h; path = Util/WebServer.h; sourceTree = "<group>"; };
		7BE2FF671AAD903000EBA34B /* WebServer.m */ = {isa = PBXFileReference; fileEncoding = 4; lastKnownFileType = sourcecode.c.objc; name = WebServer.m; path = Util/WebServer.m; sourceTree = "<group>"; };
		7BE2FF761AADA2F400EBA34B /* DanPinViewController.h */ = {isa = PBXFileReference; fileEncoding = 4; lastKnownFileType = sourcecode.c.h; path = DanPinViewController.h; sourceTree = "<group>"; };
		7BE2FF771AADA2F400EBA34B /* DanPinViewController.m */ = {isa = PBXFileReference; fileEncoding = 4; lastKnownFileType = sourcecode.c.objc; path = DanPinViewController.m; sourceTree = "<group>"; };
		7BE2FF791AADA2F400EBA34B /* DaPeiCollectionViewCell.h */ = {isa = PBXFileReference; fileEncoding = 4; lastKnownFileType = sourcecode.c.h; path = DaPeiCollectionViewCell.h; sourceTree = "<group>"; };
		7BE2FF7A1AADA2F400EBA34B /* DaPeiCollectionViewCell.m */ = {isa = PBXFileReference; fileEncoding = 4; lastKnownFileType = sourcecode.c.objc; path = DaPeiCollectionViewCell.m; sourceTree = "<group>"; };
		7BE2FF7B1AADA2F400EBA34B /* DaPeiCollectionViewCell.xib */ = {isa = PBXFileReference; fileEncoding = 4; lastKnownFileType = file.xib; path = DaPeiCollectionViewCell.xib; sourceTree = "<group>"; };
		7BE2FF7C1AADA2F400EBA34B /* DaPeiModel.h */ = {isa = PBXFileReference; fileEncoding = 4; lastKnownFileType = sourcecode.c.h; path = DaPeiModel.h; sourceTree = "<group>"; };
		7BE2FF7D1AADA2F400EBA34B /* DaPeiModel.m */ = {isa = PBXFileReference; fileEncoding = 4; lastKnownFileType = sourcecode.c.objc; path = DaPeiModel.m; sourceTree = "<group>"; };
		7BE2FF7E1AADA2F400EBA34B /* DaPeiViewController.h */ = {isa = PBXFileReference; fileEncoding = 4; lastKnownFileType = sourcecode.c.h; path = DaPeiViewController.h; sourceTree = "<group>"; };
		7BE2FF7F1AADA2F400EBA34B /* DaPeiViewController.m */ = {isa = PBXFileReference; fileEncoding = 4; lastKnownFileType = sourcecode.c.objc; path = DaPeiViewController.m; sourceTree = "<group>"; };
		7BE2FF811AADA2F400EBA34B /* FaXianViewController.h */ = {isa = PBXFileReference; fileEncoding = 4; lastKnownFileType = sourcecode.c.h; path = FaXianViewController.h; sourceTree = "<group>"; };
		7BE2FF821AADA2F400EBA34B /* FaXianViewController.m */ = {isa = PBXFileReference; fileEncoding = 4; lastKnownFileType = sourcecode.c.objc; path = FaXianViewController.m; sourceTree = "<group>"; };
		7BE2FF8A1AADA30900EBA34B /* WaterfallCollectionViewCell.h */ = {isa = PBXFileReference; fileEncoding = 4; lastKnownFileType = sourcecode.c.h; path = WaterfallCollectionViewCell.h; sourceTree = "<group>"; };
		7BE2FF8B1AADA30900EBA34B /* WaterfallCollectionViewCell.m */ = {isa = PBXFileReference; fileEncoding = 4; lastKnownFileType = sourcecode.c.objc; path = WaterfallCollectionViewCell.m; sourceTree = "<group>"; };
		7BE2FF8C1AADA30900EBA34B /* WaterfallCollectionViewCell.xib */ = {isa = PBXFileReference; fileEncoding = 4; lastKnownFileType = file.xib; path = WaterfallCollectionViewCell.xib; sourceTree = "<group>"; };
		7BE2FF8D1AADA30900EBA34B /* WaterfallCollectionViewLayout.h */ = {isa = PBXFileReference; fileEncoding = 4; lastKnownFileType = sourcecode.c.h; path = WaterfallCollectionViewLayout.h; sourceTree = "<group>"; };
		7BE2FF8E1AADA30900EBA34B /* WaterfallCollectionViewLayout.m */ = {isa = PBXFileReference; fileEncoding = 4; lastKnownFileType = sourcecode.c.objc; path = WaterfallCollectionViewLayout.m; sourceTree = "<group>"; };
		7BE2FF8F1AADA30900EBA34B /* WaterfallViewController.h */ = {isa = PBXFileReference; fileEncoding = 4; lastKnownFileType = sourcecode.c.h; path = WaterfallViewController.h; sourceTree = "<group>"; };
		7BE2FF901AADA30900EBA34B /* WaterfallViewController.m */ = {isa = PBXFileReference; fileEncoding = 4; lastKnownFileType = sourcecode.c.objc; path = WaterfallViewController.m; sourceTree = "<group>"; };
		7BE2FF921AADA30900EBA34B /* WoDeViewController.h */ = {isa = PBXFileReference; fileEncoding = 4; lastKnownFileType = sourcecode.c.h; path = WoDeViewController.h; sourceTree = "<group>"; };
		7BE2FF931AADA30900EBA34B /* WoDeViewController.m */ = {isa = PBXFileReference; fileEncoding = 4; lastKnownFileType = sourcecode.c.objc; path = WoDeViewController.m; sourceTree = "<group>"; };
		7BE2FF991AADB98A00EBA34B /* goodsIcon.png */ = {isa = PBXFileReference; lastKnownFileType = image.png; path = goodsIcon.png; sourceTree = "<group>"; };
		7BE2FF9E1AADBC6900EBA34B /* DaPeiCategory.h */ = {isa = PBXFileReference; fileEncoding = 4; lastKnownFileType = sourcecode.c.h; path = DaPeiCategory.h; sourceTree = "<group>"; };
		7BE2FF9F1AADBC6900EBA34B /* DaPeiCategory.m */ = {isa = PBXFileReference; fileEncoding = 4; lastKnownFileType = sourcecode.c.objc; path = DaPeiCategory.m; sourceTree = "<group>"; };
		7BE2FFA11AADCC4800EBA34B /* DaPeiCollectionViewCell+Configure.h */ = {isa = PBXFileReference; fileEncoding = 4; lastKnownFileType = sourcecode.c.h; path = "DaPeiCollectionViewCell+Configure.h"; sourceTree = "<group>"; };
		7BE2FFA21AADCC4800EBA34B /* DaPeiCollectionViewCell+Configure.m */ = {isa = PBXFileReference; fileEncoding = 4; lastKnownFileType = sourcecode.c.objc; path = "DaPeiCollectionViewCell+Configure.m"; sourceTree = "<group>"; };
		7BE2FFA41AADD07D00EBA34B /* DaPeiCollectionViewController.h */ = {isa = PBXFileReference; fileEncoding = 4; lastKnownFileType = sourcecode.c.h; path = DaPeiCollectionViewController.h; sourceTree = "<group>"; };
		7BE2FFA51AADD07D00EBA34B /* DaPeiCollectionViewController.m */ = {isa = PBXFileReference; fileEncoding = 4; lastKnownFileType = sourcecode.c.objc; path = DaPeiCollectionViewController.m; sourceTree = "<group>"; };
		7BE2FFAA1AADF58200EBA34B /* DaPeiInfoModel.h */ = {isa = PBXFileReference; fileEncoding = 4; lastKnownFileType = sourcecode.c.h; path = DaPeiInfoModel.h; sourceTree = "<group>"; };
		7BE2FFAB1AADF58200EBA34B /* DaPeiInfoModel.m */ = {isa = PBXFileReference; fileEncoding = 4; lastKnownFileType = sourcecode.c.objc; path = DaPeiInfoModel.m; sourceTree = "<group>"; };
		7BE2FFB51AADF87F00EBA34B /* DaPeiInfoViewController.h */ = {isa = PBXFileReference; fileEncoding = 4; lastKnownFileType = sourcecode.c.h; path = DaPeiInfoViewController.h; sourceTree = "<group>"; };
		7BE2FFB61AADF87F00EBA34B /* DaPeiInfoViewController.m */ = {isa = PBXFileReference; fileEncoding = 4; lastKnownFileType = sourcecode.c.objc; path = DaPeiInfoViewController.m; sourceTree = "<group>"; };
		7BE2FFB81AADF8E500EBA34B /* DaPeiInfoTableViewCell.h */ = {isa = PBXFileReference; fileEncoding = 4; lastKnownFileType = sourcecode.c.h; path = DaPeiInfoTableViewCell.h; sourceTree = "<group>"; };
		7BE2FFB91AADF8E500EBA34B /* DaPeiInfoTableViewCell.m */ = {isa = PBXFileReference; fileEncoding = 4; lastKnownFileType = sourcecode.c.objc; path = DaPeiInfoTableViewCell.m; sourceTree = "<group>"; };
		7BE2FFBA1AADF8E500EBA34B /* DaPeiInfoTableViewCell.xib */ = {isa = PBXFileReference; fileEncoding = 4; lastKnownFileType = file.xib; path = DaPeiInfoTableViewCell.xib; sourceTree = "<group>"; };
		7BE2FFC21AAE00C200EBA34B /* DaPeiInfoTableFooterViewCell.h */ = {isa = PBXFileReference; fileEncoding = 4; lastKnownFileType = sourcecode.c.h; path = DaPeiInfoTableFooterViewCell.h; sourceTree = "<group>"; };
		7BE2FFC31AAE00C200EBA34B /* DaPeiInfoTableFooterViewCell.m */ = {isa = PBXFileReference; fileEncoding = 4; lastKnownFileType = sourcecode.c.objc; path = DaPeiInfoTableFooterViewCell.m; sourceTree = "<group>"; };
		7BE2FFC41AAE00C200EBA34B /* DaPeiInfoTableFooterViewCell.xib */ = {isa = PBXFileReference; fileEncoding = 4; lastKnownFileType = file.xib; path = DaPeiInfoTableFooterViewCell.xib; sourceTree = "<group>"; };
		7BE2FFCA1AAE84FA00EBA34B /* DaPeiInfoTableHeaderViewCell.h */ = {isa = PBXFileReference; fileEncoding = 4; lastKnownFileType = sourcecode.c.h; path = DaPeiInfoTableHeaderViewCell.h; sourceTree = "<group>"; };
		7BE2FFCB1AAE84FA00EBA34B /* DaPeiInfoTableHeaderViewCell.m */ = {isa = PBXFileReference; fileEncoding = 4; lastKnownFileType = sourcecode.c.objc; path = DaPeiInfoTableHeaderViewCell.m; sourceTree = "<group>"; };
		7BE2FFCC1AAE84FA00EBA34B /* DaPeiInfoTableHeaderViewCell.xib */ = {isa = PBXFileReference; fileEncoding = 4; lastKnownFileType = file.xib; path = DaPeiInfoTableHeaderViewCell.xib; sourceTree = "<group>"; };
		7BE2FFCF1AAE954600EBA34B /* DanPinCollectionViewController.h */ = {isa = PBXFileReference; fileEncoding = 4; lastKnownFileType = sourcecode.c.h; path = DanPinCollectionViewController.h; sourceTree = "<group>"; };
		7BE2FFD01AAE954600EBA34B /* DanPinCollectionViewController.m */ = {isa = PBXFileReference; fileEncoding = 4; lastKnownFileType = sourcecode.c.objc; path = DanPinCollectionViewController.m; sourceTree = "<group>"; };
		7BE2FFD21AAE9A1700EBA34B /* DanPinCategory.h */ = {isa = PBXFileReference; fileEncoding = 4; lastKnownFileType = sourcecode.c.h; path = DanPinCategory.h; sourceTree = "<group>"; };
		7BE2FFD31AAE9A1700EBA34B /* DanPinCategory.m */ = {isa = PBXFileReference; fileEncoding = 4; lastKnownFileType = sourcecode.c.objc; path = DanPinCategory.m; sourceTree = "<group>"; };
		7BE2FFD51AAEA08100EBA34B /* DanPinCollectionViewCell.h */ = {isa = PBXFileReference; fileEncoding = 4; lastKnownFileType = sourcecode.c.h; path = DanPinCollectionViewCell.h; sourceTree = "<group>"; };
		7BE2FFD61AAEA08100EBA34B /* DanPinCollectionViewCell.m */ = {isa = PBXFileReference; fileEncoding = 4; lastKnownFileType = sourcecode.c.objc; path = DanPinCollectionViewCell.m; sourceTree = "<group>"; };
		7BE2FFD71AAEA08100EBA34B /* DanPinCollectionViewCell.xib */ = {isa = PBXFileReference; fileEncoding = 4; lastKnownFileType = file.xib; path = DanPinCollectionViewCell.xib; sourceTree = "<group>"; };
		7BE2FFDA1AAEB5A200EBA34B /* DanPinModel.h */ = {isa = PBXFileReference; fileEncoding = 4; lastKnownFileType = sourcecode.c.h; path = DanPinModel.h; sourceTree = "<group>"; };
		7BE2FFDB1AAEB5A200EBA34B /* DanPinModel.m */ = {isa = PBXFileReference; fileEncoding = 4; lastKnownFileType = sourcecode.c.objc; path = DanPinModel.m; sourceTree = "<group>"; };
		7BE2FFE01AAEB80F00EBA34B /* DanPinCollectionViewCell+Configure.h */ = {isa = PBXFileReference; fileEncoding = 4; lastKnownFileType = sourcecode.c.h; path = "DanPinCollectionViewCell+Configure.h"; sourceTree = "<group>"; };
		7BE2FFE11AAEB80F00EBA34B /* DanPinCollectionViewCell+Configure.m */ = {isa = PBXFileReference; fileEncoding = 4; lastKnownFileType = sourcecode.c.objc; path = "DanPinCollectionViewCell+Configure.m"; sourceTree = "<group>"; };
		7BE2FFE31AAECF7000EBA34B /* JKJViewController.h */ = {isa = PBXFileReference; fileEncoding = 4; lastKnownFileType = sourcecode.c.h; path = JKJViewController.h; sourceTree = "<group>"; };
		7BE2FFE41AAECF7000EBA34B /* JKJViewController.m */ = {isa = PBXFileReference; fileEncoding = 4; lastKnownFileType = sourcecode.c.objc; path = JKJViewController.m; sourceTree = "<group>"; };
		7BE2FFE61AAECF8D00EBA34B /* BanJiaViewController.h */ = {isa = PBXFileReference; fileEncoding = 4; lastKnownFileType = sourcecode.c.h; path = BanJiaViewController.h; sourceTree = "<group>"; };
		7BE2FFE71AAECF8D00EBA34B /* BanJiaViewController.m */ = {isa = PBXFileReference; fileEncoding = 4; lastKnownFileType = sourcecode.c.objc; path = BanJiaViewController.m; sourceTree = "<group>"; };
		7BE2FFE91AAED4FA00EBA34B /* JKJModel.h */ = {isa = PBXFileReference; fileEncoding = 4; lastKnownFileType = sourcecode.c.h; path = JKJModel.h; sourceTree = "<group>"; };
		7BE2FFEA1AAED4FA00EBA34B /* JKJModel.m */ = {isa = PBXFileReference; fileEncoding = 4; lastKnownFileType = sourcecode.c.objc; path = JKJModel.m; sourceTree = "<group>"; };
		7BE2FFEC1AAED50B00EBA34B /* BanJiaModel.h */ = {isa = PBXFileReference; fileEncoding = 4; lastKnownFileType = sourcecode.c.h; path = BanJiaModel.h; sourceTree = "<group>"; };
		7BE2FFED1AAED50B00EBA34B /* BanJiaModel.m */ = {isa = PBXFileReference; fileEncoding = 4; lastKnownFileType = sourcecode.c.objc; path = BanJiaModel.m; sourceTree = "<group>"; };
		7BE2FFEF1AAEDC8D00EBA34B /* JKJCollectionViewCell.h */ = {isa = PBXFileReference; fileEncoding = 4; lastKnownFileType = sourcecode.c.h; path = JKJCollectionViewCell.h; sourceTree = "<group>"; };
		7BE2FFF01AAEDC8D00EBA34B /* JKJCollectionViewCell.m */ = {isa = PBXFileReference; fileEncoding = 4; lastKnownFileType = sourcecode.c.objc; path = JKJCollectionViewCell.m; sourceTree = "<group>"; };
		7BE2FFF11AAEDC8D00EBA34B /* JKJCollectionViewCell.xib */ = {isa = PBXFileReference; fileEncoding = 4; lastKnownFileType = file.xib; path = JKJCollectionViewCell.xib; sourceTree = "<group>"; };
		7BE2FFF41AAEDCA800EBA34B /* BanJiaTableViewCell.h */ = {isa = PBXFileReference; fileEncoding = 4; lastKnownFileType = sourcecode.c.h; path = BanJiaTableViewCell.h; sourceTree = "<group>"; };
		7BE2FFF51AAEDCA800EBA34B /* BanJiaTableViewCell.m */ = {isa = PBXFileReference; fileEncoding = 4; lastKnownFileType = sourcecode.c.objc; path = BanJiaTableViewCell.m; sourceTree = "<group>"; };
		7BE2FFF61AAEDCA800EBA34B /* BanJiaTableViewCell.xib */ = {isa = PBXFileReference; fileEncoding = 4; lastKnownFileType = file.xib; path = BanJiaTableViewCell.xib; sourceTree = "<group>"; };
		7BE2FFF91AAEE3D900EBA34B /* SBTitleView.h */ = {isa = PBXFileReference; fileEncoding = 4; lastKnownFileType = sourcecode.c.h; name = SBTitleView.h; path = TabBar/SBTitleView.h; sourceTree = "<group>"; };
		7BE2FFFA1AAEE3D900EBA34B /* SBTitleView.m */ = {isa = PBXFileReference; fileEncoding = 4; lastKnownFileType = sourcecode.c.objc; name = SBTitleView.m; path = TabBar/SBTitleView.m; sourceTree = "<group>"; };
		7BE98CB51AAB023D00D59E1C /* EShopping.app */ = {isa = PBXFileReference; explicitFileType = wrapper.application; includeInIndex = 0; path = EShopping.app; sourceTree = BUILT_PRODUCTS_DIR; };
		7BE98CB91AAB023D00D59E1C /* Info.plist */ = {isa = PBXFileReference; lastKnownFileType = text.plist.xml; path = Info.plist; sourceTree = "<group>"; };
		7BE98CBA1AAB023D00D59E1C /* main.m */ = {isa = PBXFileReference; lastKnownFileType = sourcecode.c.objc; path = main.m; sourceTree = "<group>"; };
		7BE98CBC1AAB023D00D59E1C /* AppDelegate.h */ = {isa = PBXFileReference; lastKnownFileType = sourcecode.c.h; path = AppDelegate.h; sourceTree = "<group>"; };
		7BE98CBD1AAB023D00D59E1C /* AppDelegate.m */ = {isa = PBXFileReference; lastKnownFileType = sourcecode.c.objc; path = AppDelegate.m; sourceTree = "<group>"; };
		7BE98CBF1AAB023D00D59E1C /* Images.xcassets */ = {isa = PBXFileReference; lastKnownFileType = folder.assetcatalog; path = Images.xcassets; sourceTree = "<group>"; };
		7BE98CC21AAB023D00D59E1C /* Base */ = {isa = PBXFileReference; lastKnownFileType = file.xib; name = Base; path = Base.lproj/LaunchScreen.xib; sourceTree = "<group>"; };
		7BE98CC81AAB023D00D59E1C /* EShoppingTests.xctest */ = {isa = PBXFileReference; explicitFileType = wrapper.cfbundle; includeInIndex = 0; path = EShoppingTests.xctest; sourceTree = BUILT_PRODUCTS_DIR; };
		7BE98CCD1AAB023D00D59E1C /* Info.plist */ = {isa = PBXFileReference; lastKnownFileType = text.plist.xml; path = Info.plist; sourceTree = "<group>"; };
		7BE98CCE1AAB023D00D59E1C /* EShoppingTests.m */ = {isa = PBXFileReference; lastKnownFileType = sourcecode.c.objc; path = EShoppingTests.m; sourceTree = "<group>"; };
		7BE98CDC1AAB042D00D59E1C /* 114.png */ = {isa = PBXFileReference; lastKnownFileType = image.png; path = 114.png; sourceTree = "<group>"; };
		7BE98CDD1AAB042D00D59E1C /* AppIcon29x29.png */ = {isa = PBXFileReference; lastKnownFileType = image.png; path = AppIcon29x29.png; sourceTree = "<group>"; };
		7BE98CDE1AAB042D00D59E1C /* AppIcon29x29@2x.png */ = {isa = PBXFileReference; lastKnownFileType = image.png; path = "AppIcon29x29@2x.png"; sourceTree = "<group>"; };
		7BE98CDF1AAB042D00D59E1C /* AppIcon40x40@2x.png */ = {isa = PBXFileReference; lastKnownFileType = image.png; path = "AppIcon40x40@2x.png"; sourceTree = "<group>"; };
		7BE98CE01AAB042D00D59E1C /* AppIcon57x57.png */ = {isa = PBXFileReference; lastKnownFileType = image.png; path = AppIcon57x57.png; sourceTree = "<group>"; };
		7BE98CE11AAB042D00D59E1C /* AppIcon57x57@2x.png */ = {isa = PBXFileReference; lastKnownFileType = image.png; path = "AppIcon57x57@2x.png"; sourceTree = "<group>"; };
		7BE98CE21AAB042D00D59E1C /* AppIcon60x60@2x.png */ = {isa = PBXFileReference; lastKnownFileType = image.png; path = "AppIcon60x60@2x.png"; sourceTree = "<group>"; };
		7BE98CE31AAB042D00D59E1C /* back_button@2x.png */ = {isa = PBXFileReference; lastKnownFileType = image.png; path = "back_button@2x.png"; sourceTree = "<group>"; };
		7BE98CE41AAB042D00D59E1C /* bgd_bangjia.png */ = {isa = PBXFileReference; lastKnownFileType = image.png; path = bgd_bangjia.png; sourceTree = "<group>"; };
		7BE98CE51AAB042D00D59E1C /* bgd_color.png */ = {isa = PBXFileReference; lastKnownFileType = image.png; path = bgd_color.png; sourceTree = "<group>"; };
		7BE98CE61AAB042D00D59E1C /* blueArrow.png */ = {isa = PBXFileReference; lastKnownFileType = image.png; path = blueArrow.png; sourceTree = "<group>"; };
		7BE98CE71AAB042D00D59E1C /* blueArrow@2x.png */ = {isa = PBXFileReference; lastKnownFileType = image.png; path = "blueArrow@2x.png"; sourceTree = "<group>"; };
		7BE98CE81AAB042D00D59E1C /* bottom_share_button_hover.png */ = {isa = PBXFileReference; lastKnownFileType = image.png; path = bottom_share_button_hover.png; sourceTree = "<group>"; };
		7BE98CE91AAB042D00D59E1C /* bottom_share_button_hover@2x.png */ = {isa = PBXFileReference; lastKnownFileType = image.png; path = "bottom_share_button_hover@2x.png"; sourceTree = "<group>"; };
		7BE98CEA1AAB042D00D59E1C /* cell_bgd@2x.png */ = {isa = PBXFileReference; lastKnownFileType = image.png; path = "cell_bgd@2x.png"; sourceTree = "<group>"; };
		7BE98CEB1AAB042D00D59E1C /* click_login_btn.png */ = {isa = PBXFileReference; lastKnownFileType = image.png; path = click_login_btn.png; sourceTree = "<group>"; };
		7BE98CEC1AAB042D00D59E1C /* click_login_btn@2x.png */ = {isa = PBXFileReference; lastKnownFileType = image.png; path = "click_login_btn@2x.png"; sourceTree = "<group>"; };
		7BE98CED1AAB042D00D59E1C /* commentSend@2x.png */ = {isa = PBXFileReference; lastKnownFileType = image.png; path = "commentSend@2x.png"; sourceTree = "<group>"; };
		7BE98CEE1AAB042D00D59E1C /* goodsDislike.png */ = {isa = PBXFileReference; lastKnownFileType = image.png; path = goodsDislike.png; sourceTree = "<group>"; };
		7BE98CF01AAB042D00D59E1C /* goodsLike.png */ = {isa = PBXFileReference; lastKnownFileType = image.png; path = goodsLike.png; sourceTree = "<group>"; };
		7BE98CF11AAB042D00D59E1C /* halfPriceDetail@2x.png */ = {isa = PBXFileReference; lastKnownFileType = image.png; path = "halfPriceDetail@2x.png"; sourceTree = "<group>"; };
		7BE98CF21AAB042D00D59E1C /* Header_bgd@2x.png */ = {isa = PBXFileReference; lastKnownFileType = image.png; path = "Header_bgd@2x.png"; sourceTree = "<group>"; };
		7BE98CF31AAB042D00D59E1C /* LaunchImage-568h@2x.png */ = {isa = PBXFileReference; lastKnownFileType = image.png; path = "LaunchImage-568h@2x.png"; sourceTree = "<group>"; };
		7BE98CF41AAB042D00D59E1C /* LaunchImage-700-568h@2x.png */ = {isa = PBXFileReference; lastKnownFileType = image.png; path = "LaunchImage-700-568h@2x.png"; sourceTree = "<group>"; };
		7BE98CF51AAB042D00D59E1C /* LaunchImage-700@2x.png */ = {isa = PBXFileReference; lastKnownFileType = image.png; path = "LaunchImage-700@2x.png"; sourceTree = "<group>"; };
		7BE98CF61AAB042D00D59E1C /* LaunchImage.png */ = {isa = PBXFileReference; lastKnownFileType = image.png; path = LaunchImage.png; sourceTree = "<group>"; };
		7BE98CF71AAB042D00D59E1C /* LaunchImage@2x.png */ = {isa = PBXFileReference; lastKnownFileType = image.png; path = "LaunchImage@2x.png"; sourceTree = "<group>"; };
		7BE98CF81AAB042D00D59E1C /* left.png */ = {isa = PBXFileReference; lastKnownFileType = image.png; path = left.png; sourceTree = "<group>"; };
		7BE98CF91AAB042D00D59E1C /* left@2x.png */ = {isa = PBXFileReference; lastKnownFileType = image.png; path = "left@2x.png"; sourceTree = "<group>"; };
		7BE98CFA1AAB042D00D59E1C /* loading@2x.png */ = {isa = PBXFileReference; lastKnownFileType = image.png; path = "loading@2x.png"; sourceTree = "<group>"; };
		7BE98CFB1AAB042D00D59E1C /* loading_line.png */ = {isa = PBXFileReference; lastKnownFileType = image.png; path = loading_line.png; sourceTree = "<group>"; };
		7BE98CFC1AAB042D00D59E1C /* loadingIcon@2x.png */ = {isa = PBXFileReference; lastKnownFileType = image.png; path = "loadingIcon@2x.png"; sourceTree = "<group>"; };
		7BE98CFD1AAB042D00D59E1C /* myProfile_5@2x.png */ = {isa = PBXFileReference; lastKnownFileType = image.png; path = "myProfile_5@2x.png"; sourceTree = "<group>"; };
		7BE98CFE1AAB042D00D59E1C /* myProfile_6@2x.png */ = {isa = PBXFileReference; lastKnownFileType = image.png; path = "myProfile_6@2x.png"; sourceTree = "<group>"; };
		7BE98CFF1AAB042D00D59E1C /* myProfile_7@2x.png */ = {isa = PBXFileReference; lastKnownFileType = image.png; path = "myProfile_7@2x.png"; sourceTree = "<group>"; };
		7BE98D001AAB042D00D59E1C /* newBack@2x.png */ = {isa = PBXFileReference; lastKnownFileType = image.png; path = "newBack@2x.png"; sourceTree = "<group>"; };
		7BE98D011AAB042D00D59E1C /* right.png */ = {isa = PBXFileReference; lastKnownFileType = image.png; path = right.png; sourceTree = "<group>"; };
		7BE98D021AAB042D00D59E1C /* right@2x.png */ = {isa = PBXFileReference; lastKnownFileType = image.png; path = "right@2x.png"; sourceTree = "<group>"; };
		7BE98D031AAB042D00D59E1C /* se_cell_bgd@2x.png */ = {isa = PBXFileReference; lastKnownFileType = image.png; path = "se_cell_bgd@2x.png"; sourceTree = "<group>"; };
		7BE98D041AAB042D00D59E1C /* shippingFree.png */ = {isa = PBXFileReference; lastKnownFileType = image.png; path = shippingFree.png; sourceTree = "<group>"; };
		7BE98D051AAB042D00D59E1C /* smabg.png */ = {isa = PBXFileReference; lastKnownFileType = image.png; path = smabg.png; sourceTree = "<group>"; };
		7BE98D061AAB042D00D59E1C /* smabg@2x.png */ = {isa = PBXFileReference; lastKnownFileType = image.png; path = "smabg@2x.png"; sourceTree = "<group>"; };
		7BE98D071AAB042D00D59E1C /* tabBar_bgd@2x.png */ = {isa = PBXFileReference; lastKnownFileType = image.png; path = "tabBar_bgd@2x.png"; sourceTree = "<group>"; };
		7BE98D081AAB042D00D59E1C /* tabItem0@2x.png */ = {isa = PBXFileReference; lastKnownFileType = image.png; path = "tabItem0@2x.png"; sourceTree = "<group>"; };
		7BE98D091AAB042D00D59E1C /* tabItem1@2x.png */ = {isa = PBXFileReference; lastKnownFileType = image.png; path = "tabItem1@2x.png"; sourceTree = "<group>"; };
		7BE98D0A1AAB042D00D59E1C /* tabItem2@2x.png */ = {isa = PBXFileReference; lastKnownFileType = image.png; path = "tabItem2@2x.png"; sourceTree = "<group>"; };
		7BE98D0B1AAB042D00D59E1C /* tabItem3@2x.png */ = {isa = PBXFileReference; lastKnownFileType = image.png; path = "tabItem3@2x.png"; sourceTree = "<group>"; };
		7BE98D0C1AAB042D00D59E1C /* tabItem_0@2x.png */ = {isa = PBXFileReference; lastKnownFileType = image.png; path = "tabItem_0@2x.png"; sourceTree = "<group>"; };
		7BE98D0D1AAB042D00D59E1C /* tabItem_1@2x.png */ = {isa = PBXFileReference; lastKnownFileType = image.png; path = "tabItem_1@2x.png"; sourceTree = "<group>"; };
		7BE98D0E1AAB042D00D59E1C /* tabItem_2@2x.png */ = {isa = PBXFileReference; lastKnownFileType = image.png; path = "tabItem_2@2x.png"; sourceTree = "<group>"; };
		7BE98D0F1AAB042D00D59E1C /* tabItem_3@2x.png */ = {isa = PBXFileReference; lastKnownFileType = image.png; path = "tabItem_3@2x.png"; sourceTree = "<group>"; };
		7BE98D101AAB042D00D59E1C /* talentList@2x.png */ = {isa = PBXFileReference; lastKnownFileType = image.png; path = "talentList@2x.png"; sourceTree = "<group>"; };
		7BE98D111AAB042D00D59E1C /* threeBars@2x.png */ = {isa = PBXFileReference; lastKnownFileType = image.png; path = "threeBars@2x.png"; sourceTree = "<group>"; };
		7BE98D121AAB042D00D59E1C /* toolBar@2x.png */ = {isa = PBXFileReference; lastKnownFileType = image.png; path = "toolBar@2x.png"; sourceTree = "<group>"; };
		7BE98D131AAB042D00D59E1C /* webView_4@2x.png */ = {isa = PBXFileReference; lastKnownFileType = image.png; path = "webView_4@2x.png"; sourceTree = "<group>"; };
		7BE98D781AAB331D00D59E1C /* RootViewController.h */ = {isa = PBXFileReference; fileEncoding = 4; lastKnownFileType = sourcecode.c.h; name = RootViewController.h; path = TabBar/RootViewController.h; sourceTree = "<group>"; };
		7BE98D791AAB331D00D59E1C /* RootViewController.m */ = {isa = PBXFileReference; fileEncoding = 4; lastKnownFileType = sourcecode.c.objc; name = RootViewController.m; path = TabBar/RootViewController.m; sourceTree = "<group>"; };
		7BE98D7A1AAB331D00D59E1C /* SBTabBar.h */ = {isa = PBXFileReference; fileEncoding = 4; lastKnownFileType = sourcecode.c.h; name = SBTabBar.h; path = TabBar/SBTabBar.h; sourceTree = "<group>"; };
		7BE98D7B1AAB331D00D59E1C /* SBTabBar.m */ = {isa = PBXFileReference; fileEncoding = 4; lastKnownFileType = sourcecode.c.objc; name = SBTabBar.m; path = TabBar/SBTabBar.m; sourceTree = "<group>"; };
		7BE98D7C1AAB331D00D59E1C /* SBNavTabBarController.h */ = {isa = PBXFileReference; fileEncoding = 4; lastKnownFileType = sourcecode.c.h; name = SBNavTabBarController.h; path = TabBar/SBNavTabBarController.h; sourceTree = "<group>"; };
		7BE98D7D1AAB331D00D59E1C /* SBNavTabBarController.m */ = {isa = PBXFileReference; fileEncoding = 4; lastKnownFileType = sourcecode.c.objc; name = SBNavTabBarController.m; path = TabBar/SBNavTabBarController.m; sourceTree = "<group>"; };
		7BE98D861AAB3B4500D59E1C /* Macro.h */ = {isa = PBXFileReference; lastKnownFileType = sourcecode.c.h; name = Macro.h; path = Util/Macro.h; sourceTree = "<group>"; };
		A280DBC7D5C843749F335219 /* libPods.a */ = {isa = PBXFileReference; explicitFileType = archive.ar; includeInIndex = 0; path = libPods.a; sourceTree = BUILT_PRODUCTS_DIR; };
/* End PBXFileReference section */

/* Begin PBXFrameworksBuildPhase section */
		7BE98CB21AAB023D00D59E1C /* Frameworks */ = {
			isa = PBXFrameworksBuildPhase;
			buildActionMask = 2147483647;
			files = (
				C5AB1860625AAA85C7F245A6 /* libPods.a in Frameworks */,
			);
			runOnlyForDeploymentPostprocessing = 0;
		};
		7BE98CC51AAB023D00D59E1C /* Frameworks */ = {
			isa = PBXFrameworksBuildPhase;
			buildActionMask = 2147483647;
			files = (
			);
			runOnlyForDeploymentPostprocessing = 0;
		};
/* End PBXFrameworksBuildPhase section */

/* Begin PBXGroup section */
		7BE2FF751AADA2F400EBA34B /* DanPin */ = {
			isa = PBXGroup;
			children = (
				7BE2FFD21AAE9A1700EBA34B /* DanPinCategory.h */,
				7BE2FFD31AAE9A1700EBA34B /* DanPinCategory.m */,
				7BE2FFDA1AAEB5A200EBA34B /* DanPinModel.h */,
				7BE2FFDB1AAEB5A200EBA34B /* DanPinModel.m */,
				7BE2FF761AADA2F400EBA34B /* DanPinViewController.h */,
				7BE2FF771AADA2F400EBA34B /* DanPinViewController.m */,
				7BE2FFCF1AAE954600EBA34B /* DanPinCollectionViewController.h */,
				7BE2FFD01AAE954600EBA34B /* DanPinCollectionViewController.m */,
				7BE2FFD51AAEA08100EBA34B /* DanPinCollectionViewCell.h */,
				7BE2FFD61AAEA08100EBA34B /* DanPinCollectionViewCell.m */,
				7BE2FFD71AAEA08100EBA34B /* DanPinCollectionViewCell.xib */,
				7BE2FFE01AAEB80F00EBA34B /* DanPinCollectionViewCell+Configure.h */,
				7BE2FFE11AAEB80F00EBA34B /* DanPinCollectionViewCell+Configure.m */,
			);
			path = DanPin;
			sourceTree = "<group>";
		};
		7BE2FF781AADA2F400EBA34B /* DaPei */ = {
			isa = PBXGroup;
			children = (
				7BE2FF7C1AADA2F400EBA34B /* DaPeiModel.h */,
				7BE2FF7D1AADA2F400EBA34B /* DaPeiModel.m */,
				7BE2FF9E1AADBC6900EBA34B /* DaPeiCategory.h */,
				7BE2FF9F1AADBC6900EBA34B /* DaPeiCategory.m */,
				7BE2FFAA1AADF58200EBA34B /* DaPeiInfoModel.h */,
				7BE2FFAB1AADF58200EBA34B /* DaPeiInfoModel.m */,
				7BE2FF7E1AADA2F400EBA34B /* DaPeiViewController.h */,
				7BE2FF7F1AADA2F400EBA34B /* DaPeiViewController.m */,
				7BE2FFA41AADD07D00EBA34B /* DaPeiCollectionViewController.h */,
				7BE2FFA51AADD07D00EBA34B /* DaPeiCollectionViewController.m */,
				7BE2FFA11AADCC4800EBA34B /* DaPeiCollectionViewCell+Configure.h */,
				7BE2FFA21AADCC4800EBA34B /* DaPeiCollectionViewCell+Configure.m */,
				7BE2FF791AADA2F400EBA34B /* DaPeiCollectionViewCell.h */,
				7BE2FF7A1AADA2F400EBA34B /* DaPeiCollectionViewCell.m */,
				7BE2FF7B1AADA2F400EBA34B /* DaPeiCollectionViewCell.xib */,
				7BE2FFB51AADF87F00EBA34B /* DaPeiInfoViewController.h */,
				7BE2FFB61AADF87F00EBA34B /* DaPeiInfoViewController.m */,
				7BE2FFCA1AAE84FA00EBA34B /* DaPeiInfoTableHeaderViewCell.h */,
				7BE2FFCB1AAE84FA00EBA34B /* DaPeiInfoTableHeaderViewCell.m */,
				7BE2FFCC1AAE84FA00EBA34B /* DaPeiInfoTableHeaderViewCell.xib */,
				7BE2FFC21AAE00C200EBA34B /* DaPeiInfoTableFooterViewCell.h */,
				7BE2FFC31AAE00C200EBA34B /* DaPeiInfoTableFooterViewCell.m */,
				7BE2FFC41AAE00C200EBA34B /* DaPeiInfoTableFooterViewCell.xib */,
				7BE2FFB81AADF8E500EBA34B /* DaPeiInfoTableViewCell.h */,
				7BE2FFB91AADF8E500EBA34B /* DaPeiInfoTableViewCell.m */,
				7BE2FFBA1AADF8E500EBA34B /* DaPeiInfoTableViewCell.xib */,
			);
			path = DaPei;
			sourceTree = "<group>";
		};
		7BE2FF801AADA2F400EBA34B /* FaXian */ = {
			isa = PBXGroup;
			children = (
				7BE2FFE91AAED4FA00EBA34B /* JKJModel.h */,
				7BE2FFEA1AAED4FA00EBA34B /* JKJModel.m */,
				7BE2FFEC1AAED50B00EBA34B /* BanJiaModel.h */,
				7BE2FFED1AAED50B00EBA34B /* BanJiaModel.m */,
				7BE2FFEF1AAEDC8D00EBA34B /* JKJCollectionViewCell.h */,
				7BE2FFF01AAEDC8D00EBA34B /* JKJCollectionViewCell.m */,
				7BE2FFF11AAEDC8D00EBA34B /* JKJCollectionViewCell.xib */,
				7BE2FFF41AAEDCA800EBA34B /* BanJiaTableViewCell.h */,
				7BE2FFF51AAEDCA800EBA34B /* BanJiaTableViewCell.m */,
				7BE2FFF61AAEDCA800EBA34B /* BanJiaTableViewCell.xib */,
				7BE2FF811AADA2F400EBA34B /* FaXianViewController.h */,
				7BE2FF821AADA2F400EBA34B /* FaXianViewController.m */,
				7BE2FFE31AAECF7000EBA34B /* JKJViewController.h */,
				7BE2FFE41AAECF7000EBA34B /* JKJViewController.m */,
				7BE2FFE61AAECF8D00EBA34B /* BanJiaViewController.h */,
				7BE2FFE71AAECF8D00EBA34B /* BanJiaViewController.m */,
			);
			path = FaXian;
			sourceTree = "<group>";
		};
		7BE2FF891AADA30900EBA34B /* Waterfall */ = {
			isa = PBXGroup;
			children = (
				7BE2FF8A1AADA30900EBA34B /* WaterfallCollectionViewCell.h */,
				7BE2FF8B1AADA30900EBA34B /* WaterfallCollectionViewCell.m */,
				7BE2FF8C1AADA30900EBA34B /* WaterfallCollectionViewCell.xib */,
				7BE2FF8D1AADA30900EBA34B /* WaterfallCollectionViewLayout.h */,
				7BE2FF8E1AADA30900EBA34B /* WaterfallCollectionViewLayout.m */,
				7BE2FF8F1AADA30900EBA34B /* WaterfallViewController.h */,
				7BE2FF901AADA30900EBA34B /* WaterfallViewController.m */,
			);
			path = Waterfall;
			sourceTree = "<group>";
		};
		7BE2FF911AADA30900EBA34B /* WoDe */ = {
			isa = PBXGroup;
			children = (
				7BE2FF921AADA30900EBA34B /* WoDeViewController.h */,
				7BE2FF931AADA30900EBA34B /* WoDeViewController.m */,
			);
			path = WoDe;
			sourceTree = "<group>";
		};
		7BE98CAC1AAB023D00D59E1C = {
			isa = PBXGroup;
			children = (
				7BE98CB71AAB023D00D59E1C /* EShopping */,
				7BE98CCB1AAB023D00D59E1C /* EShoppingTests */,
				7BE98CB61AAB023D00D59E1C /* Products */,
				96FC939CA159F7DA2766C5F8 /* Pods */,
				A5FE811A4831BED3DB5842DF /* Frameworks */,
			);
			sourceTree = "<group>";
		};
		7BE98CB61AAB023D00D59E1C /* Products */ = {
			isa = PBXGroup;
			children = (
				7BE98CB51AAB023D00D59E1C /* EShopping.app */,
				7BE98CC81AAB023D00D59E1C /* EShoppingTests.xctest */,
			);
			name = Products;
			sourceTree = "<group>";
		};
		7BE98CB71AAB023D00D59E1C /* EShopping */ = {
			isa = PBXGroup;
			children = (
				7BE98CBC1AAB023D00D59E1C /* AppDelegate.h */,
				7BE98CBD1AAB023D00D59E1C /* AppDelegate.m */,
				7BE98D741AAB325900D59E1C /* TabBar */,
				7BE98D821AAB337500D59E1C /* Utils */,
				7BE2FF891AADA30900EBA34B /* Waterfall */,
				7BE2FF781AADA2F400EBA34B /* DaPei */,
				7BE2FF751AADA2F400EBA34B /* DanPin */,
				7BE2FF801AADA2F400EBA34B /* FaXian */,
				7BE2FF911AADA30900EBA34B /* WoDe */,
				7BE98CDB1AAB042D00D59E1C /* Resource */,
				7BE98CBF1AAB023D00D59E1C /* Images.xcassets */,
				7BE98CC11AAB023D00D59E1C /* LaunchScreen.xib */,
				7BE98CB81AAB023D00D59E1C /* Supporting Files */,
			);
			path = EShopping;
			sourceTree = "<group>";
		};
		7BE98CB81AAB023D00D59E1C /* Supporting Files */ = {
			isa = PBXGroup;
			children = (
				7BE98CB91AAB023D00D59E1C /* Info.plist */,
				7BE98CBA1AAB023D00D59E1C /* main.m */,
			);
			name = "Supporting Files";
			sourceTree = "<group>";
		};
		7BE98CCB1AAB023D00D59E1C /* EShoppingTests */ = {
			isa = PBXGroup;
			children = (
				7BE98CCE1AAB023D00D59E1C /* EShoppingTests.m */,
				7BE98CCC1AAB023D00D59E1C /* Supporting Files */,
			);
			path = EShoppingTests;
			sourceTree = "<group>";
		};
		7BE98CCC1AAB023D00D59E1C /* Supporting Files */ = {
			isa = PBXGroup;
			children = (
				7BE98CCD1AAB023D00D59E1C /* Info.plist */,
			);
			name = "Supporting Files";
			sourceTree = "<group>";
		};
		7BE98CDB1AAB042D00D59E1C /* Resource */ = {
			isa = PBXGroup;
			children = (
				7BE2FF991AADB98A00EBA34B /* goodsIcon.png */,
				7BE98CDC1AAB042D00D59E1C /* 114.png */,
				7BE98CDD1AAB042D00D59E1C /* AppIcon29x29.png */,
				7BE98CDE1AAB042D00D59E1C /* AppIcon29x29@2x.png */,
				7BE98CDF1AAB042D00D59E1C /* AppIcon40x40@2x.png */,
				7BE98CE01AAB042D00D59E1C /* AppIcon57x57.png */,
				7BE98CE11AAB042D00D59E1C /* AppIcon57x57@2x.png */,
				7BE98CE21AAB042D00D59E1C /* AppIcon60x60@2x.png */,
				7BE98CE31AAB042D00D59E1C /* back_button@2x.png */,
				7BE98CE41AAB042D00D59E1C /* bgd_bangjia.png */,
				7BE98CE51AAB042D00D59E1C /* bgd_color.png */,
				7BE98CE61AAB042D00D59E1C /* blueArrow.png */,
				7BE98CE71AAB042D00D59E1C /* blueArrow@2x.png */,
				7BE98CE81AAB042D00D59E1C /* bottom_share_button_hover.png */,
				7BE98CE91AAB042D00D59E1C /* bottom_share_button_hover@2x.png */,
				7BE98CEA1AAB042D00D59E1C /* cell_bgd@2x.png */,
				7BE98CEB1AAB042D00D59E1C /* click_login_btn.png */,
				7BE98CEC1AAB042D00D59E1C /* click_login_btn@2x.png */,
				7BE98CED1AAB042D00D59E1C /* commentSend@2x.png */,
				7BE98CEE1AAB042D00D59E1C /* goodsDislike.png */,
				7BE98CF01AAB042D00D59E1C /* goodsLike.png */,
				7BE98CF11AAB042D00D59E1C /* halfPriceDetail@2x.png */,
				7BE98CF21AAB042D00D59E1C /* Header_bgd@2x.png */,
				7BE98CF31AAB042D00D59E1C /* LaunchImage-568h@2x.png */,
				7BE98CF41AAB042D00D59E1C /* LaunchImage-700-568h@2x.png */,
				7BE98CF51AAB042D00D59E1C /* LaunchImage-700@2x.png */,
				7BE98CF61AAB042D00D59E1C /* LaunchImage.png */,
				7BE98CF71AAB042D00D59E1C /* LaunchImage@2x.png */,
				7BE98CF81AAB042D00D59E1C /* left.png */,
				7BE98CF91AAB042D00D59E1C /* left@2x.png */,
				7BE98CFA1AAB042D00D59E1C /* loading@2x.png */,
				7BE98CFB1AAB042D00D59E1C /* loading_line.png */,
				7BE98CFC1AAB042D00D59E1C /* loadingIcon@2x.png */,
				7BE98CFD1AAB042D00D59E1C /* myProfile_5@2x.png */,
				7BE98CFE1AAB042D00D59E1C /* myProfile_6@2x.png */,
				7BE98CFF1AAB042D00D59E1C /* myProfile_7@2x.png */,
				7BE98D001AAB042D00D59E1C /* newBack@2x.png */,
				7BE98D011AAB042D00D59E1C /* right.png */,
				7BE98D021AAB042D00D59E1C /* right@2x.png */,
				7BE98D031AAB042D00D59E1C /* se_cell_bgd@2x.png */,
				7BE98D041AAB042D00D59E1C /* shippingFree.png */,
				7BE98D051AAB042D00D59E1C /* smabg.png */,
				7BE98D061AAB042D00D59E1C /* smabg@2x.png */,
				7BE98D071AAB042D00D59E1C /* tabBar_bgd@2x.png */,
				7BE98D081AAB042D00D59E1C /* tabItem0@2x.png */,
				7BE98D091AAB042D00D59E1C /* tabItem1@2x.png */,
				7BE98D0A1AAB042D00D59E1C /* tabItem2@2x.png */,
				7BE98D0B1AAB042D00D59E1C /* tabItem3@2x.png */,
				7BE98D0C1AAB042D00D59E1C /* tabItem_0@2x.png */,
				7BE98D0D1AAB042D00D59E1C /* tabItem_1@2x.png */,
				7BE98D0E1AAB042D00D59E1C /* tabItem_2@2x.png */,
				7BE98D0F1AAB042D00D59E1C /* tabItem_3@2x.png */,
				7BE98D101AAB042D00D59E1C /* talentList@2x.png */,
				7BE98D111AAB042D00D59E1C /* threeBars@2x.png */,
				7BE98D121AAB042D00D59E1C /* toolBar@2x.png */,
				7BE98D131AAB042D00D59E1C /* webView_4@2x.png */,
			);
			path = Resource;
			sourceTree = "<group>";
		};
		7BE98D741AAB325900D59E1C /* TabBar */ = {
			isa = PBXGroup;
			children = (
				7BE98D7A1AAB331D00D59E1C /* SBTabBar.h */,
				7BE98D7B1AAB331D00D59E1C /* SBTabBar.m */,
				7BE98D7C1AAB331D00D59E1C /* SBNavTabBarController.h */,
				7BE98D7D1AAB331D00D59E1C /* SBNavTabBarController.m */,
				7BE98D781AAB331D00D59E1C /* RootViewController.h */,
				7BE98D791AAB331D00D59E1C /* RootViewController.m */,
				7BE2FFF91AAEE3D900EBA34B /* SBTitleView.h */,
				7BE2FFFA1AAEE3D900EBA34B /* SBTitleView.m */,
			);
			name = TabBar;
			sourceTree = "<group>";
		};
		7BE98D821AAB337500D59E1C /* Utils */ = {
			isa = PBXGroup;
			children = (
				7BE98D861AAB3B4500D59E1C /* Macro.h */,
				7BE2FF271AAD51DA00EBA34B /* URL.h */,
				7BE2FF281AAD51DA00EBA34B /* URL.m */,
				7BE2FF661AAD903000EBA34B /* WebServer.h */,
				7BE2FF671AAD903000EBA34B /* WebServer.m */,
			);
			name = Utils;
			sourceTree = "<group>";
		};
		96FC939CA159F7DA2766C5F8 /* Pods */ = {
			isa = PBXGroup;
			children = (
				01C0245905ABF48A1501583C /* Pods.debug.xcconfig */,
				0BACBDBAE89438040A66F494 /* Pods.release.xcconfig */,
			);
			name = Pods;
			sourceTree = "<group>";
		};
		A5FE811A4831BED3DB5842DF /* Frameworks */ = {
			isa = PBXGroup;
			children = (
				A280DBC7D5C843749F335219 /* libPods.a */,
			);
			name = Frameworks;
			sourceTree = "<group>";
		};
/* End PBXGroup section */

/* Begin PBXNativeTarget section */
		7BE98CB41AAB023D00D59E1C /* EShopping */ = {
			isa = PBXNativeTarget;
			buildConfigurationList = 7BE98CD21AAB023D00D59E1C /* Build configuration list for PBXNativeTarget "EShopping" */;
			buildPhases = (
				821F26814C162CFE17B058B0 /* Check Pods Manifest.lock */,
				7BE98CB11AAB023D00D59E1C /* Sources */,
				7BE98CB21AAB023D00D59E1C /* Frameworks */,
				7BE98CB31AAB023D00D59E1C /* Resources */,
				6EF9EA9B618BB3AF80C0BE14 /* Copy Pods Resources */,
			);
			buildRules = (
			);
			dependencies = (
			);
			name = EShopping;
			productName = EShopping;
			productReference = 7BE98CB51AAB023D00D59E1C /* EShopping.app */;
			productType = "com.apple.product-type.application";
		};
		7BE98CC71AAB023D00D59E1C /* EShoppingTests */ = {
			isa = PBXNativeTarget;
			buildConfigurationList = 7BE98CD51AAB023D00D59E1C /* Build configuration list for PBXNativeTarget "EShoppingTests" */;
			buildPhases = (
				7BE98CC41AAB023D00D59E1C /* Sources */,
				7BE98CC51AAB023D00D59E1C /* Frameworks */,
				7BE98CC61AAB023D00D59E1C /* Resources */,
			);
			buildRules = (
			);
			dependencies = (
				7BE98CCA1AAB023D00D59E1C /* PBXTargetDependency */,
			);
			name = EShoppingTests;
			productName = EShoppingTests;
			productReference = 7BE98CC81AAB023D00D59E1C /* EShoppingTests.xctest */;
			productType = "com.apple.product-type.bundle.unit-test";
		};
/* End PBXNativeTarget section */

/* Begin PBXProject section */
		7BE98CAD1AAB023D00D59E1C /* Project object */ = {
			isa = PBXProject;
			attributes = {
				LastUpgradeCheck = 0610;
				ORGANIZATIONNAME = renlongyu;
				TargetAttributes = {
					7BE98CB41AAB023D00D59E1C = {
						CreatedOnToolsVersion = 6.1;
					};
					7BE98CC71AAB023D00D59E1C = {
						CreatedOnToolsVersion = 6.1;
						TestTargetID = 7BE98CB41AAB023D00D59E1C;
					};
				};
			};
			buildConfigurationList = 7BE98CB01AAB023D00D59E1C /* Build configuration list for PBXProject "EShopping" */;
			compatibilityVersion = "Xcode 3.2";
			developmentRegion = English;
			hasScannedForEncodings = 0;
			knownRegions = (
				en,
				Base,
			);
			mainGroup = 7BE98CAC1AAB023D00D59E1C;
			productRefGroup = 7BE98CB61AAB023D00D59E1C /* Products */;
			projectDirPath = "";
			projectRoot = "";
			targets = (
				7BE98CB41AAB023D00D59E1C /* EShopping */,
				7BE98CC71AAB023D00D59E1C /* EShoppingTests */,
			);
		};
/* End PBXProject section */

/* Begin PBXResourcesBuildPhase section */
		7BE98CB31AAB023D00D59E1C /* Resources */ = {
			isa = PBXResourcesBuildPhase;
			buildActionMask = 2147483647;
			files = (
				7BE98D331AAB042D00D59E1C /* loading_line.png in Resources */,
				7BE98D201AAB042D00D59E1C /* bottom_share_button_hover.png in Resources */,
				7BE98D421AAB042D00D59E1C /* tabItem2@2x.png in Resources */,
				7BE98D171AAB042D00D59E1C /* AppIcon40x40@2x.png in Resources */,
				7BE2FFF31AAEDC8D00EBA34B /* JKJCollectionViewCell.xib in Resources */,
				7BE98D441AAB042D00D59E1C /* tabItem_0@2x.png in Resources */,
				7BE98D411AAB042D00D59E1C /* tabItem1@2x.png in Resources */,
				7BE98D3E1AAB042D00D59E1C /* smabg@2x.png in Resources */,
				7BE98D451AAB042D00D59E1C /* tabItem_1@2x.png in Resources */,
				7BE98D4A1AAB042D00D59E1C /* toolBar@2x.png in Resources */,
				7BE2FFCE1AAE84FA00EBA34B /* DaPeiInfoTableHeaderViewCell.xib in Resources */,
				7BE98D1A1AAB042D00D59E1C /* AppIcon60x60@2x.png in Resources */,
				7BE98D141AAB042D00D59E1C /* 114.png in Resources */,
				7BE98D2E1AAB042D00D59E1C /* LaunchImage.png in Resources */,
				7BE98D351AAB042D00D59E1C /* myProfile_5@2x.png in Resources */,
				7BE98D211AAB042D00D59E1C /* bottom_share_button_hover@2x.png in Resources */,
				7BE98D2D1AAB042D00D59E1C /* LaunchImage-700@2x.png in Resources */,
				7BE98D1C1AAB042D00D59E1C /* bgd_bangjia.png in Resources */,
				7BE98D391AAB042D00D59E1C /* right.png in Resources */,
				7BE98D3F1AAB042D00D59E1C /* tabBar_bgd@2x.png in Resources */,
				7BE98D191AAB042D00D59E1C /* AppIcon57x57@2x.png in Resources */,
				7BE98D231AAB042D00D59E1C /* click_login_btn.png in Resources */,
				7BE98D401AAB042D00D59E1C /* tabItem0@2x.png in Resources */,
				7BE98D2C1AAB042D00D59E1C /* LaunchImage-700-568h@2x.png in Resources */,
				7BE98D3D1AAB042D00D59E1C /* smabg.png in Resources */,
				7BE2FFC61AAE00C200EBA34B /* DaPeiInfoTableFooterViewCell.xib in Resources */,
				7BE98D3C1AAB042D00D59E1C /* shippingFree.png in Resources */,
				7BE98D301AAB042D00D59E1C /* left.png in Resources */,
				7BE98D2B1AAB042D00D59E1C /* LaunchImage-568h@2x.png in Resources */,
				7BE98D471AAB042D00D59E1C /* tabItem_3@2x.png in Resources */,
				7BE98D251AAB042D00D59E1C /* commentSend@2x.png in Resources */,
				7BE98D3A1AAB042D00D59E1C /* right@2x.png in Resources */,
				7BE98D161AAB042D00D59E1C /* AppIcon29x29@2x.png in Resources */,
				7BE98D3B1AAB042D00D59E1C /* se_cell_bgd@2x.png in Resources */,
				7BE98D1B1AAB042D00D59E1C /* back_button@2x.png in Resources */,
				7BE98D4B1AAB042D00D59E1C /* webView_4@2x.png in Resources */,
				7BE98D291AAB042D00D59E1C /* halfPriceDetail@2x.png in Resources */,
				7BE98D481AAB042D00D59E1C /* talentList@2x.png in Resources */,
				7BE2FFF81AAEDCA800EBA34B /* BanJiaTableViewCell.xib in Resources */,
				7BE98D1D1AAB042D00D59E1C /* bgd_color.png in Resources */,
				7BE98D311AAB042D00D59E1C /* left@2x.png in Resources */,
				7BE98D261AAB042D00D59E1C /* goodsDislike.png in Resources */,
				7BE98D431AAB042D00D59E1C /* tabItem3@2x.png in Resources */,
				7BE98D321AAB042D00D59E1C /* loading@2x.png in Resources */,
				7BE2FF951AADA30900EBA34B /* WaterfallCollectionViewCell.xib in Resources */,
				7BE98D2F1AAB042D00D59E1C /* LaunchImage@2x.png in Resources */,
				7BE98D181AAB042D00D59E1C /* AppIcon57x57.png in Resources */,
				7BE98D371AAB042D00D59E1C /* myProfile_7@2x.png in Resources */,
				7BE2FFD91AAEA08100EBA34B /* DanPinCollectionViewCell.xib in Resources */,
				7BE98D341AAB042D00D59E1C /* loadingIcon@2x.png in Resources */,
				7BE2FF9A1AADB98A00EBA34B /* goodsIcon.png in Resources */,
				7BE98D281AAB042D00D59E1C /* goodsLike.png in Resources */,
				7BE98D241AAB042D00D59E1C /* click_login_btn@2x.png in Resources */,
				7BE98D381AAB042D00D59E1C /* newBack@2x.png in Resources */,
				7BE98D361AAB042D00D59E1C /* myProfile_6@2x.png in Resources */,
				7BE98D221AAB042D00D59E1C /* cell_bgd@2x.png in Resources */,
				7BE98CC31AAB023D00D59E1C /* LaunchScreen.xib in Resources */,
				7BE98D1F1AAB042D00D59E1C /* blueArrow@2x.png in Resources */,
				7BE98D2A1AAB042D00D59E1C /* Header_bgd@2x.png in Resources */,
				7BE98D461AAB042D00D59E1C /* tabItem_2@2x.png in Resources */,
				7BE98D1E1AAB042D00D59E1C /* blueArrow.png in Resources */,
				7BE98D491AAB042D00D59E1C /* threeBars@2x.png in Resources */,
				7BE98CC01AAB023D00D59E1C /* Images.xcassets in Resources */,
				7BE98D151AAB042D00D59E1C /* AppIcon29x29.png in Resources */,
				7BE2FFBC1AADF8E500EBA34B /* DaPeiInfoTableViewCell.xib in Resources */,
				7BE2FF851AADA2F400EBA34B /* DaPeiCollectionViewCell.xib in Resources */,
			);
			runOnlyForDeploymentPostprocessing = 0;
		};
		7BE98CC61AAB023D00D59E1C /* Resources */ = {
			isa = PBXResourcesBuildPhase;
			buildActionMask = 2147483647;
			files = (
			);
			runOnlyForDeploymentPostprocessing = 0;
		};
/* End PBXResourcesBuildPhase section */

/* Begin PBXShellScriptBuildPhase section */
		6EF9EA9B618BB3AF80C0BE14 /* Copy Pods Resources */ = {
			isa = PBXShellScriptBuildPhase;
			buildActionMask = 2147483647;
			files = (
			);
			inputPaths = (
			);
			name = "Copy Pods Resources";
			outputPaths = (
			);
			runOnlyForDeploymentPostprocessing = 0;
			shellPath = /bin/sh;
			shellScript = "\"${SRCROOT}/Pods/Target Support Files/Pods/Pods-resources.sh\"\n";
			showEnvVarsInLog = 0;
		};
		821F26814C162CFE17B058B0 /* Check Pods Manifest.lock */ = {
			isa = PBXShellScriptBuildPhase;
			buildActionMask = 2147483647;
			files = (
			);
			inputPaths = (
			);
			name = "Check Pods Manifest.lock";
			outputPaths = (
			);
			runOnlyForDeploymentPostprocessing = 0;
			shellPath = /bin/sh;
			shellScript = "diff \"${PODS_ROOT}/../Podfile.lock\" \"${PODS_ROOT}/Manifest.lock\" > /dev/null\nif [[ $? != 0 ]] ; then\n    cat << EOM\nerror: The sandbox is not in sync with the Podfile.lock. Run 'pod install' or update your CocoaPods installation.\nEOM\n    exit 1\nfi\n";
			showEnvVarsInLog = 0;
		};
/* End PBXShellScriptBuildPhase section */

/* Begin PBXSourcesBuildPhase section */
		7BE98CB11AAB023D00D59E1C /* Sources */ = {
			isa = PBXSourcesBuildPhase;
			buildActionMask = 2147483647;
			files = (
				7BE98CBE1AAB023D00D59E1C /* AppDelegate.m in Sources */,
				7BE2FFA31AADCC4800EBA34B /* DaPeiCollectionViewCell+Configure.m in Sources */,
				7BE2FFF71AAEDCA800EBA34B /* BanJiaTableViewCell.m in Sources */,
				7BE2FFD81AAEA08100EBA34B /* DanPinCollectionViewCell.m in Sources */,
				7BE2FFE81AAECF8D00EBA34B /* BanJiaViewController.m in Sources */,
				7BE2FFC51AAE00C200EBA34B /* DaPeiInfoTableFooterViewCell.m in Sources */,
				7BE2FFE51AAECF7000EBA34B /* JKJViewController.m in Sources */,
				7BE98D7F1AAB331D00D59E1C /* SBTabBar.m in Sources */,
				7BE2FF831AADA2F400EBA34B /* DanPinViewController.m in Sources */,
				7BE2FF881AADA2F400EBA34B /* FaXianViewController.m in Sources */,
				7BE2FFEE1AAED50B00EBA34B /* BanJiaModel.m in Sources */,
				7BE2FF861AADA2F400EBA34B /* DaPeiModel.m in Sources */,
				7BE98D7E1AAB331D00D59E1C /* RootViewController.m in Sources */,
				7BE2FFF21AAEDC8D00EBA34B /* JKJCollectionViewCell.m in Sources */,
				7BE2FFBB1AADF8E500EBA34B /* DaPeiInfoTableViewCell.m in Sources */,
				7BE2FFD41AAE9A1700EBA34B /* DanPinCategory.m in Sources */,
				7BE2FF841AADA2F400EBA34B /* DaPeiCollectionViewCell.m in Sources */,
				7BE98CBB1AAB023D00D59E1C /* main.m in Sources */,
				7BE2FFD11AAE954600EBA34B /* DanPinCollectionViewController.m in Sources */,
				7BE2FF681AAD903000EBA34B /* WebServer.m in Sources */,
				7BE2FFDC1AAEB5A200EBA34B /* DanPinModel.m in Sources */,
				7BE2FF941AADA30900EBA34B /* WaterfallCollectionViewCell.m in Sources */,
				7BE2FFFB1AAEE3D900EBA34B /* SBTitleView.m in Sources */,
				7BE2FFA61AADD07D00EBA34B /* DaPeiCollectionViewController.m in Sources */,
				7BE2FF291AAD51DA00EBA34B /* URL.m in Sources */,
				7BE2FFEB1AAED4FA00EBA34B /* JKJModel.m in Sources */,
				7BE2FF961AADA30900EBA34B /* WaterfallCollectionViewLayout.m in Sources */,
				7BE2FFB71AADF87F00EBA34B /* DaPeiInfoViewController.m in Sources */,
				7BE2FF971AADA30900EBA34B /* WaterfallViewController.m in Sources */,
				7BE2FFA01AADBC6900EBA34B /* DaPeiCategory.m in Sources */,
				7BE2FF981AADA30900EBA34B /* WoDeViewController.m in Sources */,
				7BE2FFCD1AAE84FA00EBA34B /* DaPeiInfoTableHeaderViewCell.m in Sources */,
				7BE2FF871AADA2F400EBA34B /* DaPeiViewController.m in Sources */,
				7BE98D801AAB331D00D59E1C /* SBNavTabBarController.m in Sources */,
				7BE2FFE21AAEB80F00EBA34B /* DanPinCollectionViewCell+Configure.m in Sources */,
				7BE2FFAC1AADF58200EBA34B /* DaPeiInfoModel.m in Sources */,
			);
			runOnlyForDeploymentPostprocessing = 0;
		};
		7BE98CC41AAB023D00D59E1C /* Sources */ = {
			isa = PBXSourcesBuildPhase;
			buildActionMask = 2147483647;
			files = (
				7BE98CCF1AAB023D00D59E1C /* EShoppingTests.m in Sources */,
			);
			runOnlyForDeploymentPostprocessing = 0;
		};
/* End PBXSourcesBuildPhase section */

/* Begin PBXTargetDependency section */
		7BE98CCA1AAB023D00D59E1C /* PBXTargetDependency */ = {
			isa = PBXTargetDependency;
			target = 7BE98CB41AAB023D00D59E1C /* EShopping */;
			targetProxy = 7BE98CC91AAB023D00D59E1C /* PBXContainerItemProxy */;
		};
/* End PBXTargetDependency section */

/* Begin PBXVariantGroup section */
		7BE98CC11AAB023D00D59E1C /* LaunchScreen.xib */ = {
			isa = PBXVariantGroup;
			children = (
				7BE98CC21AAB023D00D59E1C /* Base */,
			);
			name = LaunchScreen.xib;
			sourceTree = "<group>";
		};
/* End PBXVariantGroup section */

/* Begin XCBuildConfiguration section */
		7BE98CD01AAB023D00D59E1C /* Debug */ = {
			isa = XCBuildConfiguration;
			buildSettings = {
				ALWAYS_SEARCH_USER_PATHS = NO;
				CLANG_CXX_LANGUAGE_STANDARD = "gnu++0x";
				CLANG_CXX_LIBRARY = "libc++";
				CLANG_ENABLE_MODULES = YES;
				CLANG_ENABLE_OBJC_ARC = YES;
				CLANG_WARN_BOOL_CONVERSION = YES;
				CLANG_WARN_CONSTANT_CONVERSION = YES;
				CLANG_WARN_DIRECT_OBJC_ISA_USAGE = YES_ERROR;
				CLANG_WARN_EMPTY_BODY = YES;
				CLANG_WARN_ENUM_CONVERSION = YES;
				CLANG_WARN_INT_CONVERSION = YES;
				CLANG_WARN_OBJC_ROOT_CLASS = YES_ERROR;
				CLANG_WARN_UNREACHABLE_CODE = YES;
				CLANG_WARN__DUPLICATE_METHOD_MATCH = YES;
				"CODE_SIGN_IDENTITY[sdk=iphoneos*]" = "iPhone Developer";
				COPY_PHASE_STRIP = NO;
				ENABLE_STRICT_OBJC_MSGSEND = YES;
				GCC_C_LANGUAGE_STANDARD = gnu99;
				GCC_DYNAMIC_NO_PIC = NO;
				GCC_OPTIMIZATION_LEVEL = 0;
				GCC_PREPROCESSOR_DEFINITIONS = (
					"DEBUG=1",
					"$(inherited)",
				);
				GCC_SYMBOLS_PRIVATE_EXTERN = NO;
				GCC_WARN_64_TO_32_BIT_CONVERSION = YES;
				GCC_WARN_ABOUT_RETURN_TYPE = YES_ERROR;
				GCC_WARN_UNDECLARED_SELECTOR = YES;
				GCC_WARN_UNINITIALIZED_AUTOS = YES_AGGRESSIVE;
				GCC_WARN_UNUSED_FUNCTION = YES;
				GCC_WARN_UNUSED_VARIABLE = YES;
				IPHONEOS_DEPLOYMENT_TARGET = 8.1;
				MTL_ENABLE_DEBUG_INFO = YES;
				ONLY_ACTIVE_ARCH = YES;
				SDKROOT = iphoneos;
			};
			name = Debug;
		};
		7BE98CD11AAB023D00D59E1C /* Release */ = {
			isa = XCBuildConfiguration;
			buildSettings = {
				ALWAYS_SEARCH_USER_PATHS = NO;
				CLANG_CXX_LANGUAGE_STANDARD = "gnu++0x";
				CLANG_CXX_LIBRARY = "libc++";
				CLANG_ENABLE_MODULES = YES;
				CLANG_ENABLE_OBJC_ARC = YES;
				CLANG_WARN_BOOL_CONVERSION = YES;
				CLANG_WARN_CONSTANT_CONVERSION = YES;
				CLANG_WARN_DIRECT_OBJC_ISA_USAGE = YES_ERROR;
				CLANG_WARN_EMPTY_BODY = YES;
				CLANG_WARN_ENUM_CONVERSION = YES;
				CLANG_WARN_INT_CONVERSION = YES;
				CLANG_WARN_OBJC_ROOT_CLASS = YES_ERROR;
				CLANG_WARN_UNREACHABLE_CODE = YES;
				CLANG_WARN__DUPLICATE_METHOD_MATCH = YES;
				"CODE_SIGN_IDENTITY[sdk=iphoneos*]" = "iPhone Developer";
				COPY_PHASE_STRIP = YES;
				ENABLE_NS_ASSERTIONS = NO;
				ENABLE_STRICT_OBJC_MSGSEND = YES;
				GCC_C_LANGUAGE_STANDARD = gnu99;
				GCC_WARN_64_TO_32_BIT_CONVERSION = YES;
				GCC_WARN_ABOUT_RETURN_TYPE = YES_ERROR;
				GCC_WARN_UNDECLARED_SELECTOR = YES;
				GCC_WARN_UNINITIALIZED_AUTOS = YES_AGGRESSIVE;
				GCC_WARN_UNUSED_FUNCTION = YES;
				GCC_WARN_UNUSED_VARIABLE = YES;
				IPHONEOS_DEPLOYMENT_TARGET = 8.1;
				MTL_ENABLE_DEBUG_INFO = NO;
				SDKROOT = iphoneos;
				VALIDATE_PRODUCT = YES;
			};
			name = Release;
		};
		7BE98CD31AAB023D00D59E1C /* Debug */ = {
			isa = XCBuildConfiguration;
			baseConfigurationReference = 01C0245905ABF48A1501583C /* Pods.debug.xcconfig */;
			buildSettings = {
				ASSETCATALOG_COMPILER_APPICON_NAME = AppIcon;
				INFOPLIST_FILE = EShopping/Info.plist;
				LD_RUNPATH_SEARCH_PATHS = "$(inherited) @executable_path/Frameworks";
				PRODUCT_NAME = "$(TARGET_NAME)";
			};
			name = Debug;
		};
		7BE98CD41AAB023D00D59E1C /* Release */ = {
			isa = XCBuildConfiguration;
			baseConfigurationReference = 0BACBDBAE89438040A66F494 /* Pods.release.xcconfig */;
			buildSettings = {
				ASSETCATALOG_COMPILER_APPICON_NAME = AppIcon;
				INFOPLIST_FILE = EShopping/Info.plist;
				LD_RUNPATH_SEARCH_PATHS = "$(inherited) @executable_path/Frameworks";
				PRODUCT_NAME = "$(TARGET_NAME)";
			};
			name = Release;
		};
		7BE98CD61AAB023D00D59E1C /* Debug */ = {
			isa = XCBuildConfiguration;
			buildSettings = {
				BUNDLE_LOADER = "$(TEST_HOST)";
				FRAMEWORK_SEARCH_PATHS = (
					"$(SDKROOT)/Developer/Library/Frameworks",
					"$(inherited)",
				);
				GCC_PREPROCESSOR_DEFINITIONS = (
					"DEBUG=1",
					"$(inherited)",
				);
				INFOPLIST_FILE = EShoppingTests/Info.plist;
				LD_RUNPATH_SEARCH_PATHS = "$(inherited) @executable_path/Frameworks @loader_path/Frameworks";
				PRODUCT_NAME = "$(TARGET_NAME)";
				TEST_HOST = "$(BUILT_PRODUCTS_DIR)/EShopping.app/EShopping";
			};
			name = Debug;
		};
		7BE98CD71AAB023D00D59E1C /* Release */ = {
			isa = XCBuildConfiguration;
			buildSettings = {
				BUNDLE_LOADER = "$(TEST_HOST)";
				FRAMEWORK_SEARCH_PATHS = (
					"$(SDKROOT)/Developer/Library/Frameworks",
					"$(inherited)",
				);
				INFOPLIST_FILE = EShoppingTests/Info.plist;
				LD_RUNPATH_SEARCH_PATHS = "$(inherited) @executable_path/Frameworks @loader_path/Frameworks";
				PRODUCT_NAME = "$(TARGET_NAME)";
				TEST_HOST = "$(BUILT_PRODUCTS_DIR)/EShopping.app/EShopping";
			};
			name = Release;
		};
/* End XCBuildConfiguration section */

/* Begin XCConfigurationList section */
		7BE98CB01AAB023D00D59E1C /* Build configuration list for PBXProject "EShopping" */ = {
			isa = XCConfigurationList;
			buildConfigurations = (
				7BE98CD01AAB023D00D59E1C /* Debug */,
				7BE98CD11AAB023D00D59E1C /* Release */,
			);
			defaultConfigurationIsVisible = 0;
			defaultConfigurationName = Release;
		};
		7BE98CD21AAB023D00D59E1C /* Build configuration list for PBXNativeTarget "EShopping" */ = {
			isa = XCConfigurationList;
			buildConfigurations = (
				7BE98CD31AAB023D00D59E1C /* Debug */,
				7BE98CD41AAB023D00D59E1C /* Release */,
			);
			defaultConfigurationIsVisible = 0;
			defaultConfigurationName = Release;
		};
		7BE98CD51AAB023D00D59E1C /* Build configuration list for PBXNativeTarget "EShoppingTests" */ = {
			isa = XCConfigurationList;
			buildConfigurations = (
				7BE98CD61AAB023D00D59E1C /* Debug */,
				7BE98CD71AAB023D00D59E1C /* Release */,
			);
			defaultConfigurationIsVisible = 0;
			defaultConfigurationName = Release;
		};
/* End XCConfigurationList section */
	};
	rootObject = 7BE98CAD1AAB023D00D59E1C /* Project object */;
}
